// !$*UTF8*$!
{
	archiveVersion = 1;
	classes = {
	};
	objectVersion = 46;
	objects = {

/* Begin PBXBuildFile section */
		8D2ACF6F2CBE666F0651BC7A /* libPods.a in Frameworks */ = {isa = PBXBuildFile; fileRef = B255B4D666AF91CF21B4DDEE /* libPods.a */; };
		CE89911D1B8A614B00B2B6BC /* AudioToolbox.framework in Frameworks */ = {isa = PBXBuildFile; fileRef = CE89911C1B8A614B00B2B6BC /* AudioToolbox.framework */; };
		CE89911F1B8A615300B2B6BC /* CFNetwork.framework in Frameworks */ = {isa = PBXBuildFile; fileRef = CE89911E1B8A615300B2B6BC /* CFNetwork.framework */; };
		CE8991211B8A615A00B2B6BC /* CoreGraphics.framework in Frameworks */ = {isa = PBXBuildFile; fileRef = CE8991201B8A615A00B2B6BC /* CoreGraphics.framework */; };
		CE8991231B8A616000B2B6BC /* CoreLocation.framework in Frameworks */ = {isa = PBXBuildFile; fileRef = CE8991221B8A616000B2B6BC /* CoreLocation.framework */; };
		CE8991251B8A616B00B2B6BC /* libz.dylib in Frameworks */ = {isa = PBXBuildFile; fileRef = CE8991241B8A616B00B2B6BC /* libz.dylib */; };
		CE8991271B8A617600B2B6BC /* MobileCoreServices.framework in Frameworks */ = {isa = PBXBuildFile; fileRef = CE8991261B8A617600B2B6BC /* MobileCoreServices.framework */; };
		CE8991291B8A618000B2B6BC /* QuartzCore.framework in Frameworks */ = {isa = PBXBuildFile; fileRef = CE8991281B8A618000B2B6BC /* QuartzCore.framework */; };
		CE89912B1B8A618700B2B6BC /* Security.framework in Frameworks */ = {isa = PBXBuildFile; fileRef = CE89912A1B8A618700B2B6BC /* Security.framework */; };
		CE89912D1B8A618E00B2B6BC /* StoreKit.framework in Frameworks */ = {isa = PBXBuildFile; fileRef = CE89912C1B8A618E00B2B6BC /* StoreKit.framework */; };
		CE89912F1B8A619900B2B6BC /* SystemConfiguration.framework in Frameworks */ = {isa = PBXBuildFile; fileRef = CE89912E1B8A619900B2B6BC /* SystemConfiguration.framework */; };
		CE8991311B8A61A200B2B6BC /* libsqlite3.dylib in Frameworks */ = {isa = PBXBuildFile; fileRef = CE8991301B8A61A200B2B6BC /* libsqlite3.dylib */; };
		CE8BE8FE1BB23FFE00BBEC24 /* ProfileViewController.swift in Sources */ = {isa = PBXBuildFile; fileRef = CE8BE8FD1BB23FFE00BBEC24 /* ProfileViewController.swift */; };
		CE8BE91F1BB2448C00BBEC24 /* AsyncButton.swift in Sources */ = {isa = PBXBuildFile; fileRef = CE8BE9011BB2448C00BBEC24 /* AsyncButton.swift */; };
		CE8BE9201BB2448C00BBEC24 /* AsyncImageView.swift in Sources */ = {isa = PBXBuildFile; fileRef = CE8BE9021BB2448C00BBEC24 /* AsyncImageView.swift */; };
		CE8BE9211BB2448C00BBEC24 /* AutoTextView.swift in Sources */ = {isa = PBXBuildFile; fileRef = CE8BE9031BB2448C00BBEC24 /* AutoTextView.swift */; };
		CE8BE9221BB2448C00BBEC24 /* BlurView.swift in Sources */ = {isa = PBXBuildFile; fileRef = CE8BE9041BB2448C00BBEC24 /* BlurView.swift */; };
		CE8BE9231BB2448C00BBEC24 /* DesignableButton.swift in Sources */ = {isa = PBXBuildFile; fileRef = CE8BE9051BB2448C00BBEC24 /* DesignableButton.swift */; };
		CE8BE9241BB2448C00BBEC24 /* DesignableImageView.swift in Sources */ = {isa = PBXBuildFile; fileRef = CE8BE9061BB2448C00BBEC24 /* DesignableImageView.swift */; };
		CE8BE9251BB2448C00BBEC24 /* DesignableLabel.swift in Sources */ = {isa = PBXBuildFile; fileRef = CE8BE9071BB2448C00BBEC24 /* DesignableLabel.swift */; };
		CE8BE9261BB2448C00BBEC24 /* DesignableTabBarController.swift in Sources */ = {isa = PBXBuildFile; fileRef = CE8BE9081BB2448C00BBEC24 /* DesignableTabBarController.swift */; };
		CE8BE9271BB2448C00BBEC24 /* DesignableTextField.swift in Sources */ = {isa = PBXBuildFile; fileRef = CE8BE9091BB2448C00BBEC24 /* DesignableTextField.swift */; };
		CE8BE9281BB2448C00BBEC24 /* DesignableTextView.swift in Sources */ = {isa = PBXBuildFile; fileRef = CE8BE90A1BB2448C00BBEC24 /* DesignableTextView.swift */; };
		CE8BE9291BB2448C00BBEC24 /* DesignableView.swift in Sources */ = {isa = PBXBuildFile; fileRef = CE8BE90B1BB2448C00BBEC24 /* DesignableView.swift */; };
		CE8BE92A1BB2448C00BBEC24 /* ImageLoader.swift in Sources */ = {isa = PBXBuildFile; fileRef = CE8BE90C1BB2448C00BBEC24 /* ImageLoader.swift */; };
		CE8BE92B1BB2448C00BBEC24 /* Info.plist in Resources */ = {isa = PBXBuildFile; fileRef = CE8BE90D1BB2448C00BBEC24 /* Info.plist */; };
		CE8BE92C1BB2448C00BBEC24 /* KeyboardLayoutConstraint.swift in Sources */ = {isa = PBXBuildFile; fileRef = CE8BE90E1BB2448C00BBEC24 /* KeyboardLayoutConstraint.swift */; };
		CE8BE92D1BB2448C00BBEC24 /* LoadingView.swift in Sources */ = {isa = PBXBuildFile; fileRef = CE8BE90F1BB2448C00BBEC24 /* LoadingView.swift */; };
		CE8BE92E1BB2448C00BBEC24 /* LoadingView.xib in Resources */ = {isa = PBXBuildFile; fileRef = CE8BE9101BB2448C00BBEC24 /* LoadingView.xib */; };
		CE8BE92F1BB2448C00BBEC24 /* Misc.swift in Sources */ = {isa = PBXBuildFile; fileRef = CE8BE9111BB2448C00BBEC24 /* Misc.swift */; };
		CE8BE9301BB2448C00BBEC24 /* SoundPlayer.swift in Sources */ = {isa = PBXBuildFile; fileRef = CE8BE9121BB2448C00BBEC24 /* SoundPlayer.swift */; };
		CE8BE9311BB2448C00BBEC24 /* Spring.swift in Sources */ = {isa = PBXBuildFile; fileRef = CE8BE9141BB2448C00BBEC24 /* Spring.swift */; };
		CE8BE9321BB2448C00BBEC24 /* SpringAnimation.swift in Sources */ = {isa = PBXBuildFile; fileRef = CE8BE9151BB2448C00BBEC24 /* SpringAnimation.swift */; };
		CE8BE9331BB2448C00BBEC24 /* SpringButton.swift in Sources */ = {isa = PBXBuildFile; fileRef = CE8BE9161BB2448C00BBEC24 /* SpringButton.swift */; };
		CE8BE9341BB2448C00BBEC24 /* SpringImageView.swift in Sources */ = {isa = PBXBuildFile; fileRef = CE8BE9171BB2448C00BBEC24 /* SpringImageView.swift */; };
		CE8BE9351BB2448C00BBEC24 /* SpringLabel.swift in Sources */ = {isa = PBXBuildFile; fileRef = CE8BE9181BB2448C00BBEC24 /* SpringLabel.swift */; };
		CE8BE9361BB2448C00BBEC24 /* SpringTextField.swift in Sources */ = {isa = PBXBuildFile; fileRef = CE8BE9191BB2448C00BBEC24 /* SpringTextField.swift */; };
		CE8BE9371BB2448C00BBEC24 /* SpringTextView.swift in Sources */ = {isa = PBXBuildFile; fileRef = CE8BE91A1BB2448C00BBEC24 /* SpringTextView.swift */; };
		CE8BE9381BB2448C00BBEC24 /* SpringView.swift in Sources */ = {isa = PBXBuildFile; fileRef = CE8BE91B1BB2448C00BBEC24 /* SpringView.swift */; };
		CE8BE9391BB2448C00BBEC24 /* TransitionManager.swift in Sources */ = {isa = PBXBuildFile; fileRef = CE8BE91C1BB2448C00BBEC24 /* TransitionManager.swift */; };
		CE8BE93A1BB2448C00BBEC24 /* TransitionZoom.swift in Sources */ = {isa = PBXBuildFile; fileRef = CE8BE91D1BB2448C00BBEC24 /* TransitionZoom.swift */; };
		CE8BE93B1BB2448C00BBEC24 /* UnwindSegue.swift in Sources */ = {isa = PBXBuildFile; fileRef = CE8BE91E1BB2448C00BBEC24 /* UnwindSegue.swift */; };
		CE9A30C01BAE074300BC79FE /* BondoluoPeek.ttf in Resources */ = {isa = PBXBuildFile; fileRef = CE9A30BF1BAE073C00BC79FE /* BondoluoPeek.ttf */; };
		CEA8EA121B854B2100DC2AA5 /* AppDelegate.swift in Sources */ = {isa = PBXBuildFile; fileRef = CEA8EA111B854B2100DC2AA5 /* AppDelegate.swift */; };
		CEA8EA171B854B2100DC2AA5 /* Main.storyboard in Resources */ = {isa = PBXBuildFile; fileRef = CEA8EA151B854B2100DC2AA5 /* Main.storyboard */; };
		CEA8EA191B854B2100DC2AA5 /* Images.xcassets in Resources */ = {isa = PBXBuildFile; fileRef = CEA8EA181B854B2100DC2AA5 /* Images.xcassets */; };
		CEA8EA1C1B854B2100DC2AA5 /* LaunchScreen.xib in Resources */ = {isa = PBXBuildFile; fileRef = CEA8EA1A1B854B2100DC2AA5 /* LaunchScreen.xib */; };
		CEA8EA281B854B2100DC2AA5 /* ClusterTests.swift in Sources */ = {isa = PBXBuildFile; fileRef = CEA8EA271B854B2100DC2AA5 /* ClusterTests.swift */; };
		CEA8EA321B854B7F00DC2AA5 /* HomeViewController.swift in Sources */ = {isa = PBXBuildFile; fileRef = CEA8EA311B854B7F00DC2AA5 /* HomeViewController.swift */; };
		CED4489D1BA5111900F11808 /* Kluster.swift in Sources */ = {isa = PBXBuildFile; fileRef = CED4489C1BA5111900F11808 /* Kluster.swift */; };
		CED448A21BA5153800F11808 /* KlusterCollectionViewCell.swift in Sources */ = {isa = PBXBuildFile; fileRef = CED448A11BA5153800F11808 /* KlusterCollectionViewCell.swift */; };
/* End PBXBuildFile section */

/* Begin PBXContainerItemProxy section */
		CEA8EA221B854B2100DC2AA5 /* PBXContainerItemProxy */ = {
			isa = PBXContainerItemProxy;
			containerPortal = CEA8EA041B854B2100DC2AA5 /* Project object */;
			proxyType = 1;
			remoteGlobalIDString = CEA8EA0B1B854B2100DC2AA5;
			remoteInfo = Cluster;
		};
/* End PBXContainerItemProxy section */

/* Begin PBXFileReference section */
		3546CD1362BCE0677D077A57 /* Pods.debug.xcconfig */ = {isa = PBXFileReference; includeInIndex = 1; lastKnownFileType = text.xcconfig; name = Pods.debug.xcconfig; path = "Pods/Target Support Files/Pods/Pods.debug.xcconfig"; sourceTree = "<group>"; };
		B255B4D666AF91CF21B4DDEE /* libPods.a */ = {isa = PBXFileReference; explicitFileType = archive.ar; includeInIndex = 0; path = libPods.a; sourceTree = BUILT_PRODUCTS_DIR; };
		BF30D58564BAC072F96024A4 /* Pods.release.xcconfig */ = {isa = PBXFileReference; includeInIndex = 1; lastKnownFileType = text.xcconfig; name = Pods.release.xcconfig; path = "Pods/Target Support Files/Pods/Pods.release.xcconfig"; sourceTree = "<group>"; };
		CE89911C1B8A614B00B2B6BC /* AudioToolbox.framework */ = {isa = PBXFileReference; lastKnownFileType = wrapper.framework; name = AudioToolbox.framework; path = System/Library/Frameworks/AudioToolbox.framework; sourceTree = SDKROOT; };
		CE89911E1B8A615300B2B6BC /* CFNetwork.framework */ = {isa = PBXFileReference; lastKnownFileType = wrapper.framework; name = CFNetwork.framework; path = System/Library/Frameworks/CFNetwork.framework; sourceTree = SDKROOT; };
		CE8991201B8A615A00B2B6BC /* CoreGraphics.framework */ = {isa = PBXFileReference; lastKnownFileType = wrapper.framework; name = CoreGraphics.framework; path = System/Library/Frameworks/CoreGraphics.framework; sourceTree = SDKROOT; };
		CE8991221B8A616000B2B6BC /* CoreLocation.framework */ = {isa = PBXFileReference; lastKnownFileType = wrapper.framework; name = CoreLocation.framework; path = System/Library/Frameworks/CoreLocation.framework; sourceTree = SDKROOT; };
		CE8991241B8A616B00B2B6BC /* libz.dylib */ = {isa = PBXFileReference; lastKnownFileType = "compiled.mach-o.dylib"; name = libz.dylib; path = usr/lib/libz.dylib; sourceTree = SDKROOT; };
		CE8991261B8A617600B2B6BC /* MobileCoreServices.framework */ = {isa = PBXFileReference; lastKnownFileType = wrapper.framework; name = MobileCoreServices.framework; path = System/Library/Frameworks/MobileCoreServices.framework; sourceTree = SDKROOT; };
		CE8991281B8A618000B2B6BC /* QuartzCore.framework */ = {isa = PBXFileReference; lastKnownFileType = wrapper.framework; name = QuartzCore.framework; path = System/Library/Frameworks/QuartzCore.framework; sourceTree = SDKROOT; };
		CE89912A1B8A618700B2B6BC /* Security.framework */ = {isa = PBXFileReference; lastKnownFileType = wrapper.framework; name = Security.framework; path = System/Library/Frameworks/Security.framework; sourceTree = SDKROOT; };
		CE89912C1B8A618E00B2B6BC /* StoreKit.framework */ = {isa = PBXFileReference; lastKnownFileType = wrapper.framework; name = StoreKit.framework; path = System/Library/Frameworks/StoreKit.framework; sourceTree = SDKROOT; };
		CE89912E1B8A619900B2B6BC /* SystemConfiguration.framework */ = {isa = PBXFileReference; lastKnownFileType = wrapper.framework; name = SystemConfiguration.framework; path = System/Library/Frameworks/SystemConfiguration.framework; sourceTree = SDKROOT; };
		CE8991301B8A61A200B2B6BC /* libsqlite3.dylib */ = {isa = PBXFileReference; lastKnownFileType = "compiled.mach-o.dylib"; name = libsqlite3.dylib; path = usr/lib/libsqlite3.dylib; sourceTree = SDKROOT; };
		CE8991321B8A61DF00B2B6BC /* Cluster-Bridging-Header.h */ = {isa = PBXFileReference; lastKnownFileType = sourcecode.c.h; path = "Cluster-Bridging-Header.h"; sourceTree = "<group>"; };
		CE8BE8FD1BB23FFE00BBEC24 /* ProfileViewController.swift */ = {isa = PBXFileReference; fileEncoding = 4; lastKnownFileType = sourcecode.swift; path = ProfileViewController.swift; sourceTree = "<group>"; };
		CE8BE9011BB2448C00BBEC24 /* AsyncButton.swift */ = {isa = PBXFileReference; fileEncoding = 4; lastKnownFileType = sourcecode.swift; path = AsyncButton.swift; sourceTree = "<group>"; };
		CE8BE9021BB2448C00BBEC24 /* AsyncImageView.swift */ = {isa = PBXFileReference; fileEncoding = 4; lastKnownFileType = sourcecode.swift; path = AsyncImageView.swift; sourceTree = "<group>"; };
		CE8BE9031BB2448C00BBEC24 /* AutoTextView.swift */ = {isa = PBXFileReference; fileEncoding = 4; lastKnownFileType = sourcecode.swift; path = AutoTextView.swift; sourceTree = "<group>"; };
		CE8BE9041BB2448C00BBEC24 /* BlurView.swift */ = {isa = PBXFileReference; fileEncoding = 4; lastKnownFileType = sourcecode.swift; path = BlurView.swift; sourceTree = "<group>"; };
		CE8BE9051BB2448C00BBEC24 /* DesignableButton.swift */ = {isa = PBXFileReference; fileEncoding = 4; lastKnownFileType = sourcecode.swift; path = DesignableButton.swift; sourceTree = "<group>"; };
		CE8BE9061BB2448C00BBEC24 /* DesignableImageView.swift */ = {isa = PBXFileReference; fileEncoding = 4; lastKnownFileType = sourcecode.swift; path = DesignableImageView.swift; sourceTree = "<group>"; };
		CE8BE9071BB2448C00BBEC24 /* DesignableLabel.swift */ = {isa = PBXFileReference; fileEncoding = 4; lastKnownFileType = sourcecode.swift; path = DesignableLabel.swift; sourceTree = "<group>"; };
		CE8BE9081BB2448C00BBEC24 /* DesignableTabBarController.swift */ = {isa = PBXFileReference; fileEncoding = 4; lastKnownFileType = sourcecode.swift; path = DesignableTabBarController.swift; sourceTree = "<group>"; };
		CE8BE9091BB2448C00BBEC24 /* DesignableTextField.swift */ = {isa = PBXFileReference; fileEncoding = 4; lastKnownFileType = sourcecode.swift; path = DesignableTextField.swift; sourceTree = "<group>"; };
		CE8BE90A1BB2448C00BBEC24 /* DesignableTextView.swift */ = {isa = PBXFileReference; fileEncoding = 4; lastKnownFileType = sourcecode.swift; path = DesignableTextView.swift; sourceTree = "<group>"; };
		CE8BE90B1BB2448C00BBEC24 /* DesignableView.swift */ = {isa = PBXFileReference; fileEncoding = 4; lastKnownFileType = sourcecode.swift; path = DesignableView.swift; sourceTree = "<group>"; };
		CE8BE90C1BB2448C00BBEC24 /* ImageLoader.swift */ = {isa = PBXFileReference; fileEncoding = 4; lastKnownFileType = sourcecode.swift; path = ImageLoader.swift; sourceTree = "<group>"; };
		CE8BE90D1BB2448C00BBEC24 /* Info.plist */ = {isa = PBXFileReference; fileEncoding = 4; lastKnownFileType = text.plist.xml; path = Info.plist; sourceTree = "<group>"; };
		CE8BE90E1BB2448C00BBEC24 /* KeyboardLayoutConstraint.swift */ = {isa = PBXFileReference; fileEncoding = 4; lastKnownFileType = sourcecode.swift; path = KeyboardLayoutConstraint.swift; sourceTree = "<group>"; };
		CE8BE90F1BB2448C00BBEC24 /* LoadingView.swift */ = {isa = PBXFileReference; fileEncoding = 4; lastKnownFileType = sourcecode.swift; path = LoadingView.swift; sourceTree = "<group>"; };
		CE8BE9101BB2448C00BBEC24 /* LoadingView.xib */ = {isa = PBXFileReference; fileEncoding = 4; lastKnownFileType = file.xib; path = LoadingView.xib; sourceTree = "<group>"; };
		CE8BE9111BB2448C00BBEC24 /* Misc.swift */ = {isa = PBXFileReference; fileEncoding = 4; lastKnownFileType = sourcecode.swift; path = Misc.swift; sourceTree = "<group>"; };
		CE8BE9121BB2448C00BBEC24 /* SoundPlayer.swift */ = {isa = PBXFileReference; fileEncoding = 4; lastKnownFileType = sourcecode.swift; path = SoundPlayer.swift; sourceTree = "<group>"; };
		CE8BE9131BB2448C00BBEC24 /* Spring.h */ = {isa = PBXFileReference; fileEncoding = 4; lastKnownFileType = sourcecode.c.h; path = Spring.h; sourceTree = "<group>"; };
		CE8BE9141BB2448C00BBEC24 /* Spring.swift */ = {isa = PBXFileReference; fileEncoding = 4; lastKnownFileType = sourcecode.swift; path = Spring.swift; sourceTree = "<group>"; };
		CE8BE9151BB2448C00BBEC24 /* SpringAnimation.swift */ = {isa = PBXFileReference; fileEncoding = 4; lastKnownFileType = sourcecode.swift; path = SpringAnimation.swift; sourceTree = "<group>"; };
		CE8BE9161BB2448C00BBEC24 /* SpringButton.swift */ = {isa = PBXFileReference; fileEncoding = 4; lastKnownFileType = sourcecode.swift; path = SpringButton.swift; sourceTree = "<group>"; };
		CE8BE9171BB2448C00BBEC24 /* SpringImageView.swift */ = {isa = PBXFileReference; fileEncoding = 4; lastKnownFileType = sourcecode.swift; path = SpringImageView.swift; sourceTree = "<group>"; };
		CE8BE9181BB2448C00BBEC24 /* SpringLabel.swift */ = {isa = PBXFileReference; fileEncoding = 4; lastKnownFileType = sourcecode.swift; path = SpringLabel.swift; sourceTree = "<group>"; };
		CE8BE9191BB2448C00BBEC24 /* SpringTextField.swift */ = {isa = PBXFileReference; fileEncoding = 4; lastKnownFileType = sourcecode.swift; path = SpringTextField.swift; sourceTree = "<group>"; };
		CE8BE91A1BB2448C00BBEC24 /* SpringTextView.swift */ = {isa = PBXFileReference; fileEncoding = 4; lastKnownFileType = sourcecode.swift; path = SpringTextView.swift; sourceTree = "<group>"; };
		CE8BE91B1BB2448C00BBEC24 /* SpringView.swift */ = {isa = PBXFileReference; fileEncoding = 4; lastKnownFileType = sourcecode.swift; path = SpringView.swift; sourceTree = "<group>"; };
		CE8BE91C1BB2448C00BBEC24 /* TransitionManager.swift */ = {isa = PBXFileReference; fileEncoding = 4; lastKnownFileType = sourcecode.swift; path = TransitionManager.swift; sourceTree = "<group>"; };
		CE8BE91D1BB2448C00BBEC24 /* TransitionZoom.swift */ = {isa = PBXFileReference; fileEncoding = 4; lastKnownFileType = sourcecode.swift; path = TransitionZoom.swift; sourceTree = "<group>"; };
		CE8BE91E1BB2448C00BBEC24 /* UnwindSegue.swift */ = {isa = PBXFileReference; fileEncoding = 4; lastKnownFileType = sourcecode.swift; path = UnwindSegue.swift; sourceTree = "<group>"; };
		CE9A30BF1BAE073C00BC79FE /* BondoluoPeek.ttf */ = {isa = PBXFileReference; lastKnownFileType = file; path = BondoluoPeek.ttf; sourceTree = "<group>"; };
		CEA8EA0C1B854B2100DC2AA5 /* Cluster.app */ = {isa = PBXFileReference; explicitFileType = wrapper.application; includeInIndex = 0; path = Cluster.app; sourceTree = BUILT_PRODUCTS_DIR; };
		CEA8EA101B854B2100DC2AA5 /* Info.plist */ = {isa = PBXFileReference; lastKnownFileType = text.plist.xml; path = Info.plist; sourceTree = "<group>"; };
		CEA8EA111B854B2100DC2AA5 /* AppDelegate.swift */ = {isa = PBXFileReference; lastKnownFileType = sourcecode.swift; path = AppDelegate.swift; sourceTree = "<group>"; };
		CEA8EA161B854B2100DC2AA5 /* Base */ = {isa = PBXFileReference; lastKnownFileType = file.storyboard; name = Base; path = Base.lproj/Main.storyboard; sourceTree = "<group>"; };
		CEA8EA181B854B2100DC2AA5 /* Images.xcassets */ = {isa = PBXFileReference; lastKnownFileType = folder.assetcatalog; path = Images.xcassets; sourceTree = "<group>"; };
		CEA8EA1B1B854B2100DC2AA5 /* Base */ = {isa = PBXFileReference; lastKnownFileType = file.xib; name = Base; path = Base.lproj/LaunchScreen.xib; sourceTree = "<group>"; };
		CEA8EA211B854B2100DC2AA5 /* ClusterTests.xctest */ = {isa = PBXFileReference; explicitFileType = wrapper.cfbundle; includeInIndex = 0; path = ClusterTests.xctest; sourceTree = BUILT_PRODUCTS_DIR; };
		CEA8EA261B854B2100DC2AA5 /* Info.plist */ = {isa = PBXFileReference; lastKnownFileType = text.plist.xml; path = Info.plist; sourceTree = "<group>"; };
		CEA8EA271B854B2100DC2AA5 /* ClusterTests.swift */ = {isa = PBXFileReference; lastKnownFileType = sourcecode.swift; path = ClusterTests.swift; sourceTree = "<group>"; };
		CEA8EA311B854B7F00DC2AA5 /* HomeViewController.swift */ = {isa = PBXFileReference; fileEncoding = 4; lastKnownFileType = sourcecode.swift; path = HomeViewController.swift; sourceTree = "<group>"; };
		CED4489C1BA5111900F11808 /* Kluster.swift */ = {isa = PBXFileReference; fileEncoding = 4; lastKnownFileType = sourcecode.swift; path = Kluster.swift; sourceTree = "<group>"; };
		CED448A11BA5153800F11808 /* KlusterCollectionViewCell.swift */ = {isa = PBXFileReference; fileEncoding = 4; lastKnownFileType = sourcecode.swift; path = KlusterCollectionViewCell.swift; sourceTree = "<group>"; };
/* End PBXFileReference section */

/* Begin PBXFrameworksBuildPhase section */
		CEA8EA091B854B2100DC2AA5 /* Frameworks */ = {
			isa = PBXFrameworksBuildPhase;
			buildActionMask = 2147483647;
			files = (
				CE8991311B8A61A200B2B6BC /* libsqlite3.dylib in Frameworks */,
				CE89912F1B8A619900B2B6BC /* SystemConfiguration.framework in Frameworks */,
				CE89912D1B8A618E00B2B6BC /* StoreKit.framework in Frameworks */,
				CE89912B1B8A618700B2B6BC /* Security.framework in Frameworks */,
				CE8991291B8A618000B2B6BC /* QuartzCore.framework in Frameworks */,
				CE8991271B8A617600B2B6BC /* MobileCoreServices.framework in Frameworks */,
				CE8991251B8A616B00B2B6BC /* libz.dylib in Frameworks */,
				CE8991231B8A616000B2B6BC /* CoreLocation.framework in Frameworks */,
				CE8991211B8A615A00B2B6BC /* CoreGraphics.framework in Frameworks */,
				CE89911F1B8A615300B2B6BC /* CFNetwork.framework in Frameworks */,
				CE89911D1B8A614B00B2B6BC /* AudioToolbox.framework in Frameworks */,
				8D2ACF6F2CBE666F0651BC7A /* libPods.a in Frameworks */,
			);
			runOnlyForDeploymentPostprocessing = 0;
		};
		CEA8EA1E1B854B2100DC2AA5 /* Frameworks */ = {
			isa = PBXFrameworksBuildPhase;
			buildActionMask = 2147483647;
			files = (
			);
			runOnlyForDeploymentPostprocessing = 0;
		};
/* End PBXFrameworksBuildPhase section */

/* Begin PBXGroup section */
		98754A9F4EFC7751C3C68DCC /* Pods */ = {
			isa = PBXGroup;
			children = (
				3546CD1362BCE0677D077A57 /* Pods.debug.xcconfig */,
				BF30D58564BAC072F96024A4 /* Pods.release.xcconfig */,
			);
			name = Pods;
			sourceTree = "<group>";
		};
		B7F7862424CD11C144F1CC5E /* Frameworks */ = {
			isa = PBXGroup;
			children = (
				CE8991301B8A61A200B2B6BC /* libsqlite3.dylib */,
				CE89912E1B8A619900B2B6BC /* SystemConfiguration.framework */,
				CE89912C1B8A618E00B2B6BC /* StoreKit.framework */,
				CE89912A1B8A618700B2B6BC /* Security.framework */,
				CE8991281B8A618000B2B6BC /* QuartzCore.framework */,
				CE8991261B8A617600B2B6BC /* MobileCoreServices.framework */,
				CE8991241B8A616B00B2B6BC /* libz.dylib */,
				CE8991221B8A616000B2B6BC /* CoreLocation.framework */,
				CE8991201B8A615A00B2B6BC /* CoreGraphics.framework */,
				CE89911E1B8A615300B2B6BC /* CFNetwork.framework */,
				CE89911C1B8A614B00B2B6BC /* AudioToolbox.framework */,
				B255B4D666AF91CF21B4DDEE /* libPods.a */,
			);
			name = Frameworks;
			sourceTree = "<group>";
		};
		CE8BE8FF1BB2411A00BBEC24 /* Profile Screen */ = {
			isa = PBXGroup;
			children = (
				CE8BE8FD1BB23FFE00BBEC24 /* ProfileViewController.swift */,
			);
			name = "Profile Screen";
			sourceTree = "<group>";
		};
		CE8BE9001BB2448C00BBEC24 /* Spring */ = {
			isa = PBXGroup;
			children = (
				CE8BE9011BB2448C00BBEC24 /* AsyncButton.swift */,
				CE8BE9021BB2448C00BBEC24 /* AsyncImageView.swift */,
				CE8BE9031BB2448C00BBEC24 /* AutoTextView.swift */,
				CE8BE9041BB2448C00BBEC24 /* BlurView.swift */,
				CE8BE9051BB2448C00BBEC24 /* DesignableButton.swift */,
				CE8BE9061BB2448C00BBEC24 /* DesignableImageView.swift */,
				CE8BE9071BB2448C00BBEC24 /* DesignableLabel.swift */,
				CE8BE9081BB2448C00BBEC24 /* DesignableTabBarController.swift */,
				CE8BE9091BB2448C00BBEC24 /* DesignableTextField.swift */,
				CE8BE90A1BB2448C00BBEC24 /* DesignableTextView.swift */,
				CE8BE90B1BB2448C00BBEC24 /* DesignableView.swift */,
				CE8BE90C1BB2448C00BBEC24 /* ImageLoader.swift */,
				CE8BE90D1BB2448C00BBEC24 /* Info.plist */,
				CE8BE90E1BB2448C00BBEC24 /* KeyboardLayoutConstraint.swift */,
				CE8BE90F1BB2448C00BBEC24 /* LoadingView.swift */,
				CE8BE9101BB2448C00BBEC24 /* LoadingView.xib */,
				CE8BE9111BB2448C00BBEC24 /* Misc.swift */,
				CE8BE9121BB2448C00BBEC24 /* SoundPlayer.swift */,
				CE8BE9131BB2448C00BBEC24 /* Spring.h */,
				CE8BE9141BB2448C00BBEC24 /* Spring.swift */,
				CE8BE9151BB2448C00BBEC24 /* SpringAnimation.swift */,
				CE8BE9161BB2448C00BBEC24 /* SpringButton.swift */,
				CE8BE9171BB2448C00BBEC24 /* SpringImageView.swift */,
				CE8BE9181BB2448C00BBEC24 /* SpringLabel.swift */,
				CE8BE9191BB2448C00BBEC24 /* SpringTextField.swift */,
				CE8BE91A1BB2448C00BBEC24 /* SpringTextView.swift */,
				CE8BE91B1BB2448C00BBEC24 /* SpringView.swift */,
				CE8BE91C1BB2448C00BBEC24 /* TransitionManager.swift */,
				CE8BE91D1BB2448C00BBEC24 /* TransitionZoom.swift */,
				CE8BE91E1BB2448C00BBEC24 /* UnwindSegue.swift */,
			);
			path = Spring;
			sourceTree = "<group>";
		};
		CEA8EA031B854B2100DC2AA5 = {
			isa = PBXGroup;
			children = (
				CEA8EA0E1B854B2100DC2AA5 /* Cluster */,
				CEA8EA241B854B2100DC2AA5 /* ClusterTests */,
				CEA8EA0D1B854B2100DC2AA5 /* Products */,
				98754A9F4EFC7751C3C68DCC /* Pods */,
				B7F7862424CD11C144F1CC5E /* Frameworks */,
			);
			sourceTree = "<group>";
		};
		CEA8EA0D1B854B2100DC2AA5 /* Products */ = {
			isa = PBXGroup;
			children = (
				CEA8EA0C1B854B2100DC2AA5 /* Cluster.app */,
				CEA8EA211B854B2100DC2AA5 /* ClusterTests.xctest */,
			);
			name = Products;
			sourceTree = "<group>";
		};
		CEA8EA0E1B854B2100DC2AA5 /* Cluster */ = {
			isa = PBXGroup;
			children = (
				CEA8EA111B854B2100DC2AA5 /* AppDelegate.swift */,
				CE8BE8FF1BB2411A00BBEC24 /* Profile Screen */,
				CED448A01BA5136500F11808 /* Home Screen */,
				CED4489F1BA5135E00F11808 /* Model */,
				CEA8EA151B854B2100DC2AA5 /* Main.storyboard */,
				CEA8EA181B854B2100DC2AA5 /* Images.xcassets */,
				CEA8EA1A1B854B2100DC2AA5 /* LaunchScreen.xib */,
				CE8BE9001BB2448C00BBEC24 /* Spring */,
				CE9A30BF1BAE073C00BC79FE /* BondoluoPeek.ttf */,
				CEA8EA0F1B854B2100DC2AA5 /* Supporting Files */,
				CE8991321B8A61DF00B2B6BC /* Cluster-Bridging-Header.h */,
			);
			path = Cluster;
			sourceTree = "<group>";
		};
		CEA8EA0F1B854B2100DC2AA5 /* Supporting Files */ = {
			isa = PBXGroup;
			children = (
				CEA8EA101B854B2100DC2AA5 /* Info.plist */,
			);
			name = "Supporting Files";
			sourceTree = "<group>";
		};
		CEA8EA241B854B2100DC2AA5 /* ClusterTests */ = {
			isa = PBXGroup;
			children = (
				CEA8EA271B854B2100DC2AA5 /* ClusterTests.swift */,
				CEA8EA251B854B2100DC2AA5 /* Supporting Files */,
			);
			path = ClusterTests;
			sourceTree = "<group>";
		};
		CEA8EA251B854B2100DC2AA5 /* Supporting Files */ = {
			isa = PBXGroup;
			children = (
				CEA8EA261B854B2100DC2AA5 /* Info.plist */,
			);
			name = "Supporting Files";
			sourceTree = "<group>";
		};
		CED4489F1BA5135E00F11808 /* Model */ = {
			isa = PBXGroup;
			children = (
				CED4489C1BA5111900F11808 /* Kluster.swift */,
			);
			name = Model;
			sourceTree = "<group>";
		};
		CED448A01BA5136500F11808 /* Home Screen */ = {
			isa = PBXGroup;
			children = (
				CEA8EA311B854B7F00DC2AA5 /* HomeViewController.swift */,
				CED448A11BA5153800F11808 /* KlusterCollectionViewCell.swift */,
			);
			name = "Home Screen";
			sourceTree = "<group>";
		};
/* End PBXGroup section */

/* Begin PBXNativeTarget section */
		CEA8EA0B1B854B2100DC2AA5 /* Cluster */ = {
			isa = PBXNativeTarget;
			buildConfigurationList = CEA8EA2B1B854B2100DC2AA5 /* Build configuration list for PBXNativeTarget "Cluster" */;
			buildPhases = (
				E5B909E5E21E55AF0E88B3DA /* Check Pods Manifest.lock */,
				CEA8EA081B854B2100DC2AA5 /* Sources */,
				CEA8EA091B854B2100DC2AA5 /* Frameworks */,
				CEA8EA0A1B854B2100DC2AA5 /* Resources */,
				67C7258CA93F6017F945BE8E /* Copy Pods Resources */,
			);
			buildRules = (
			);
			dependencies = (
			);
			name = Cluster;
			productName = Cluster;
			productReference = CEA8EA0C1B854B2100DC2AA5 /* Cluster.app */;
			productType = "com.apple.product-type.application";
		};
		CEA8EA201B854B2100DC2AA5 /* ClusterTests */ = {
			isa = PBXNativeTarget;
			buildConfigurationList = CEA8EA2E1B854B2100DC2AA5 /* Build configuration list for PBXNativeTarget "ClusterTests" */;
			buildPhases = (
				CEA8EA1D1B854B2100DC2AA5 /* Sources */,
				CEA8EA1E1B854B2100DC2AA5 /* Frameworks */,
				CEA8EA1F1B854B2100DC2AA5 /* Resources */,
			);
			buildRules = (
			);
			dependencies = (
				CEA8EA231B854B2100DC2AA5 /* PBXTargetDependency */,
			);
			name = ClusterTests;
			productName = ClusterTests;
			productReference = CEA8EA211B854B2100DC2AA5 /* ClusterTests.xctest */;
			productType = "com.apple.product-type.bundle.unit-test";
		};
/* End PBXNativeTarget section */

/* Begin PBXProject section */
		CEA8EA041B854B2100DC2AA5 /* Project object */ = {
			isa = PBXProject;
			attributes = {
				LastUpgradeCheck = 0640;
				ORGANIZATIONNAME = ImagineME;
				TargetAttributes = {
					CEA8EA0B1B854B2100DC2AA5 = {
						CreatedOnToolsVersion = 6.4;
					};
					CEA8EA201B854B2100DC2AA5 = {
						CreatedOnToolsVersion = 6.4;
						TestTargetID = CEA8EA0B1B854B2100DC2AA5;
					};
				};
			};
			buildConfigurationList = CEA8EA071B854B2100DC2AA5 /* Build configuration list for PBXProject "Cluster" */;
			compatibilityVersion = "Xcode 3.2";
			developmentRegion = English;
			hasScannedForEncodings = 0;
			knownRegions = (
				en,
				Base,
			);
			mainGroup = CEA8EA031B854B2100DC2AA5;
			productRefGroup = CEA8EA0D1B854B2100DC2AA5 /* Products */;
			projectDirPath = "";
			projectRoot = "";
			targets = (
				CEA8EA0B1B854B2100DC2AA5 /* Cluster */,
				CEA8EA201B854B2100DC2AA5 /* ClusterTests */,
			);
		};
/* End PBXProject section */

/* Begin PBXResourcesBuildPhase section */
		CEA8EA0A1B854B2100DC2AA5 /* Resources */ = {
			isa = PBXResourcesBuildPhase;
			buildActionMask = 2147483647;
			files = (
				CE9A30C01BAE074300BC79FE /* BondoluoPeek.ttf in Resources */,
				CEA8EA171B854B2100DC2AA5 /* Main.storyboard in Resources */,
				CEA8EA1C1B854B2100DC2AA5 /* LaunchScreen.xib in Resources */,
				CE8BE92E1BB2448C00BBEC24 /* LoadingView.xib in Resources */,
				CE8BE92B1BB2448C00BBEC24 /* Info.plist in Resources */,
				CEA8EA191B854B2100DC2AA5 /* Images.xcassets in Resources */,
			);
			runOnlyForDeploymentPostprocessing = 0;
		};
		CEA8EA1F1B854B2100DC2AA5 /* Resources */ = {
			isa = PBXResourcesBuildPhase;
			buildActionMask = 2147483647;
			files = (
			);
			runOnlyForDeploymentPostprocessing = 0;
		};
/* End PBXResourcesBuildPhase section */

/* Begin PBXShellScriptBuildPhase section */
		67C7258CA93F6017F945BE8E /* Copy Pods Resources */ = {
			isa = PBXShellScriptBuildPhase;
			buildActionMask = 2147483647;
			files = (
			);
			inputPaths = (
			);
			name = "Copy Pods Resources";
			outputPaths = (
			);
			runOnlyForDeploymentPostprocessing = 0;
			shellPath = /bin/sh;
			shellScript = "\"${SRCROOT}/Pods/Target Support Files/Pods/Pods-resources.sh\"\n";
			showEnvVarsInLog = 0;
		};
		E5B909E5E21E55AF0E88B3DA /* Check Pods Manifest.lock */ = {
			isa = PBXShellScriptBuildPhase;
			buildActionMask = 2147483647;
			files = (
			);
			inputPaths = (
			);
			name = "Check Pods Manifest.lock";
			outputPaths = (
			);
			runOnlyForDeploymentPostprocessing = 0;
			shellPath = /bin/sh;
			shellScript = "diff \"${PODS_ROOT}/../Podfile.lock\" \"${PODS_ROOT}/Manifest.lock\" > /dev/null\nif [[ $? != 0 ]] ; then\n    cat << EOM\nerror: The sandbox is not in sync with the Podfile.lock. Run 'pod install' or update your CocoaPods installation.\nEOM\n    exit 1\nfi\n";
			showEnvVarsInLog = 0;
		};
/* End PBXShellScriptBuildPhase section */

/* Begin PBXSourcesBuildPhase section */
		CEA8EA081B854B2100DC2AA5 /* Sources */ = {
			isa = PBXSourcesBuildPhase;
			buildActionMask = 2147483647;
			files = (
				CEA8EA121B854B2100DC2AA5 /* AppDelegate.swift in Sources */,
				CE8BE9301BB2448C00BBEC24 /* SoundPlayer.swift in Sources */,
				CE8BE9241BB2448C00BBEC24 /* DesignableImageView.swift in Sources */,
				CE8BE9361BB2448C00BBEC24 /* SpringTextField.swift in Sources */,
				CED4489D1BA5111900F11808 /* Kluster.swift in Sources */,
				CE8BE9271BB2448C00BBEC24 /* DesignableTextField.swift in Sources */,
				CE8BE9391BB2448C00BBEC24 /* TransitionManager.swift in Sources */,
				CE8BE9321BB2448C00BBEC24 /* SpringAnimation.swift in Sources */,
				CE8BE91F1BB2448C00BBEC24 /* AsyncButton.swift in Sources */,
				CE8BE92C1BB2448C00BBEC24 /* KeyboardLayoutConstraint.swift in Sources */,
				CE8BE9231BB2448C00BBEC24 /* DesignableButton.swift in Sources */,
				CE8BE8FE1BB23FFE00BBEC24 /* ProfileViewController.swift in Sources */,
				CEA8EA321B854B7F00DC2AA5 /* HomeViewController.swift in Sources */,
				CE8BE9291BB2448C00BBEC24 /* DesignableView.swift in Sources */,
				CE8BE93A1BB2448C00BBEC24 /* TransitionZoom.swift in Sources */,
				CE8BE9221BB2448C00BBEC24 /* BlurView.swift in Sources */,
				CED448A21BA5153800F11808 /* KlusterCollectionViewCell.swift in Sources */,
				CE8BE92A1BB2448C00BBEC24 /* ImageLoader.swift in Sources */,
				CE8BE9381BB2448C00BBEC24 /* SpringView.swift in Sources */,
				CE8BE9351BB2448C00BBEC24 /* SpringLabel.swift in Sources */,
				CE8BE92F1BB2448C00BBEC24 /* Misc.swift in Sources */,
				CE8BE9261BB2448C00BBEC24 /* DesignableTabBarController.swift in Sources */,
				CE8BE9211BB2448C00BBEC24 /* AutoTextView.swift in Sources */,
				CE8BE9281BB2448C00BBEC24 /* DesignableTextView.swift in Sources */,
				CE8BE9311BB2448C00BBEC24 /* Spring.swift in Sources */,
				CE8BE9331BB2448C00BBEC24 /* SpringButton.swift in Sources */,
				CE8BE93B1BB2448C00BBEC24 /* UnwindSegue.swift in Sources */,
				CE8BE9251BB2448C00BBEC24 /* DesignableLabel.swift in Sources */,
				CE8BE9341BB2448C00BBEC24 /* SpringImageView.swift in Sources */,
				CE8BE92D1BB2448C00BBEC24 /* LoadingView.swift in Sources */,
				CE8BE9371BB2448C00BBEC24 /* SpringTextView.swift in Sources */,
				CE8BE9201BB2448C00BBEC24 /* AsyncImageView.swift in Sources */,
			);
			runOnlyForDeploymentPostprocessing = 0;
		};
		CEA8EA1D1B854B2100DC2AA5 /* Sources */ = {
			isa = PBXSourcesBuildPhase;
			buildActionMask = 2147483647;
			files = (
				CEA8EA281B854B2100DC2AA5 /* ClusterTests.swift in Sources */,
			);
			runOnlyForDeploymentPostprocessing = 0;
		};
/* End PBXSourcesBuildPhase section */

/* Begin PBXTargetDependency section */
		CEA8EA231B854B2100DC2AA5 /* PBXTargetDependency */ = {
			isa = PBXTargetDependency;
			target = CEA8EA0B1B854B2100DC2AA5 /* Cluster */;
			targetProxy = CEA8EA221B854B2100DC2AA5 /* PBXContainerItemProxy */;
		};
/* End PBXTargetDependency section */

/* Begin PBXVariantGroup section */
		CEA8EA151B854B2100DC2AA5 /* Main.storyboard */ = {
			isa = PBXVariantGroup;
			children = (
				CEA8EA161B854B2100DC2AA5 /* Base */,
			);
			name = Main.storyboard;
			sourceTree = "<group>";
		};
		CEA8EA1A1B854B2100DC2AA5 /* LaunchScreen.xib */ = {
			isa = PBXVariantGroup;
			children = (
				CEA8EA1B1B854B2100DC2AA5 /* Base */,
			);
			name = LaunchScreen.xib;
			sourceTree = "<group>";
		};
/* End PBXVariantGroup section */

/* Begin XCBuildConfiguration section */
		CEA8EA291B854B2100DC2AA5 /* Debug */ = {
			isa = XCBuildConfiguration;
			buildSettings = {
				ALWAYS_SEARCH_USER_PATHS = NO;
				CLANG_CXX_LANGUAGE_STANDARD = "gnu++0x";
				CLANG_CXX_LIBRARY = "libc++";
				CLANG_ENABLE_MODULES = YES;
				CLANG_ENABLE_OBJC_ARC = YES;
				CLANG_WARN_BOOL_CONVERSION = YES;
				CLANG_WARN_CONSTANT_CONVERSION = YES;
				CLANG_WARN_DIRECT_OBJC_ISA_USAGE = YES_ERROR;
				CLANG_WARN_EMPTY_BODY = YES;
				CLANG_WARN_ENUM_CONVERSION = YES;
				CLANG_WARN_INT_CONVERSION = YES;
				CLANG_WARN_OBJC_ROOT_CLASS = YES_ERROR;
				CLANG_WARN_UNREACHABLE_CODE = YES;
				CLANG_WARN__DUPLICATE_METHOD_MATCH = YES;
				"CODE_SIGN_IDENTITY[sdk=iphoneos*]" = "iPhone Developer";
				COPY_PHASE_STRIP = NO;
				DEBUG_INFORMATION_FORMAT = "dwarf-with-dsym";
				ENABLE_STRICT_OBJC_MSGSEND = YES;
				GCC_C_LANGUAGE_STANDARD = gnu99;
				GCC_DYNAMIC_NO_PIC = NO;
				GCC_NO_COMMON_BLOCKS = YES;
				GCC_OPTIMIZATION_LEVEL = 0;
				GCC_PREPROCESSOR_DEFINITIONS = (
					"DEBUG=1",
					"$(inherited)",
				);
				GCC_SYMBOLS_PRIVATE_EXTERN = NO;
				GCC_WARN_64_TO_32_BIT_CONVERSION = YES;
				GCC_WARN_ABOUT_RETURN_TYPE = YES_ERROR;
				GCC_WARN_UNDECLARED_SELECTOR = YES;
				GCC_WARN_UNINITIALIZED_AUTOS = YES_AGGRESSIVE;
				GCC_WARN_UNUSED_FUNCTION = YES;
				GCC_WARN_UNUSED_VARIABLE = YES;
				IPHONEOS_DEPLOYMENT_TARGET = 8.4;
				MTL_ENABLE_DEBUG_INFO = YES;
				ONLY_ACTIVE_ARCH = YES;
				SDKROOT = iphoneos;
				SWIFT_OPTIMIZATION_LEVEL = "-Onone";
			};
			name = Debug;
		};
		CEA8EA2A1B854B2100DC2AA5 /* Release */ = {
			isa = XCBuildConfiguration;
			buildSettings = {
				ALWAYS_SEARCH_USER_PATHS = NO;
				CLANG_CXX_LANGUAGE_STANDARD = "gnu++0x";
				CLANG_CXX_LIBRARY = "libc++";
				CLANG_ENABLE_MODULES = YES;
				CLANG_ENABLE_OBJC_ARC = YES;
				CLANG_WARN_BOOL_CONVERSION = YES;
				CLANG_WARN_CONSTANT_CONVERSION = YES;
				CLANG_WARN_DIRECT_OBJC_ISA_USAGE = YES_ERROR;
				CLANG_WARN_EMPTY_BODY = YES;
				CLANG_WARN_ENUM_CONVERSION = YES;
				CLANG_WARN_INT_CONVERSION = YES;
				CLANG_WARN_OBJC_ROOT_CLASS = YES_ERROR;
				CLANG_WARN_UNREACHABLE_CODE = YES;
				CLANG_WARN__DUPLICATE_METHOD_MATCH = YES;
				"CODE_SIGN_IDENTITY[sdk=iphoneos*]" = "iPhone Developer";
				COPY_PHASE_STRIP = NO;
				DEBUG_INFORMATION_FORMAT = "dwarf-with-dsym";
				ENABLE_NS_ASSERTIONS = NO;
				ENABLE_STRICT_OBJC_MSGSEND = YES;
				GCC_C_LANGUAGE_STANDARD = gnu99;
				GCC_NO_COMMON_BLOCKS = YES;
				GCC_WARN_64_TO_32_BIT_CONVERSION = YES;
				GCC_WARN_ABOUT_RETURN_TYPE = YES_ERROR;
				GCC_WARN_UNDECLARED_SELECTOR = YES;
				GCC_WARN_UNINITIALIZED_AUTOS = YES_AGGRESSIVE;
				GCC_WARN_UNUSED_FUNCTION = YES;
				GCC_WARN_UNUSED_VARIABLE = YES;
				IPHONEOS_DEPLOYMENT_TARGET = 8.4;
				MTL_ENABLE_DEBUG_INFO = NO;
				SDKROOT = iphoneos;
				VALIDATE_PRODUCT = YES;
			};
			name = Release;
		};
		CEA8EA2C1B854B2100DC2AA5 /* Debug */ = {
			isa = XCBuildConfiguration;
			baseConfigurationReference = 3546CD1362BCE0677D077A57 /* Pods.debug.xcconfig */;
			buildSettings = {
				ASSETCATALOG_COMPILER_APPICON_NAME = AppIcon;
				CLANG_ENABLE_MODULES = YES;
				INFOPLIST_FILE = Cluster/Info.plist;
				LD_RUNPATH_SEARCH_PATHS = "$(inherited) @executable_path/Frameworks";
				PRODUCT_NAME = "$(TARGET_NAME)";
				SWIFT_OBJC_BRIDGING_HEADER = "Cluster/Cluster-Bridging-Header.h";
				SWIFT_OPTIMIZATION_LEVEL = "-Onone";
			};
			name = Debug;
		};
		CEA8EA2D1B854B2100DC2AA5 /* Release */ = {
			isa = XCBuildConfiguration;
			baseConfigurationReference = BF30D58564BAC072F96024A4 /* Pods.release.xcconfig */;
			buildSettings = {
				ASSETCATALOG_COMPILER_APPICON_NAME = AppIcon;
				CLANG_ENABLE_MODULES = YES;
				INFOPLIST_FILE = Cluster/Info.plist;
				LD_RUNPATH_SEARCH_PATHS = "$(inherited) @executable_path/Frameworks";
				PRODUCT_NAME = "$(TARGET_NAME)";
				SWIFT_OBJC_BRIDGING_HEADER = "Cluster/Cluster-Bridging-Header.h";
			};
			name = Release;
		};
		CEA8EA2F1B854B2100DC2AA5 /* Debug */ = {
			isa = XCBuildConfiguration;
			buildSettings = {
				BUNDLE_LOADER = "$(TEST_HOST)";
				FRAMEWORK_SEARCH_PATHS = (
					"$(SDKROOT)/Developer/Library/Frameworks",
					"$(inherited)",
				);
				GCC_PREPROCESSOR_DEFINITIONS = (
					"DEBUG=1",
					"$(inherited)",
				);
				INFOPLIST_FILE = ClusterTests/Info.plist;
				LD_RUNPATH_SEARCH_PATHS = "$(inherited) @executable_path/Frameworks @loader_path/Frameworks";
				PRODUCT_NAME = "$(TARGET_NAME)";
				TEST_HOST = "$(BUILT_PRODUCTS_DIR)/Cluster.app/Cluster";
			};
			name = Debug;
		};
		CEA8EA301B854B2100DC2AA5 /* Release */ = {
			isa = XCBuildConfiguration;
			buildSettings = {
				BUNDLE_LOADER = "$(TEST_HOST)";
				FRAMEWORK_SEARCH_PATHS = (
					"$(SDKROOT)/Developer/Library/Frameworks",
					"$(inherited)",
				);
				INFOPLIST_FILE = ClusterTests/Info.plist;
				LD_RUNPATH_SEARCH_PATHS = "$(inherited) @executable_path/Frameworks @loader_path/Frameworks";
				PRODUCT_NAME = "$(TARGET_NAME)";
				TEST_HOST = "$(BUILT_PRODUCTS_DIR)/Cluster.app/Cluster";
			};
			name = Release;
		};
/* End XCBuildConfiguration section */

/* Begin XCConfigurationList section */
		CEA8EA071B854B2100DC2AA5 /* Build configuration list for PBXProject "Cluster" */ = {
			isa = XCConfigurationList;
			buildConfigurations = (
				CEA8EA291B854B2100DC2AA5 /* Debug */,
				CEA8EA2A1B854B2100DC2AA5 /* Release */,
			);
			defaultConfigurationIsVisible = 0;
			defaultConfigurationName = Release;
		};
		CEA8EA2B1B854B2100DC2AA5 /* Build configuration list for PBXNativeTarget "Cluster" */ = {
			isa = XCConfigurationList;
			buildConfigurations = (
				CEA8EA2C1B854B2100DC2AA5 /* Debug */,
				CEA8EA2D1B854B2100DC2AA5 /* Release */,
			);
			defaultConfigurationIsVisible = 0;
			defaultConfigurationName = Release;
		};
		CEA8EA2E1B854B2100DC2AA5 /* Build configuration list for PBXNativeTarget "ClusterTests" */ = {
			isa = XCConfigurationList;
			buildConfigurations = (
				CEA8EA2F1B854B2100DC2AA5 /* Debug */,
				CEA8EA301B854B2100DC2AA5 /* Release */,
			);
			defaultConfigurationIsVisible = 0;
			defaultConfigurationName = Release;
		};
/* End XCConfigurationList section */
	};
	rootObject = CEA8EA041B854B2100DC2AA5 /* Project object */;
}
