// !$*UTF8*$!
{
	archiveVersion = 1;
	classes = {
	};
	objectVersion = 46;
	objects = {

/* Begin PBXBuildFile section */
		28EE23431BDF1F83009161AE /* AsyncButton.swift in Sources */ = {isa = PBXBuildFile; fileRef = 28EE23251BDF1F83009161AE /* AsyncButton.swift */; };
		28EE23441BDF1F83009161AE /* AsyncImageView.swift in Sources */ = {isa = PBXBuildFile; fileRef = 28EE23261BDF1F83009161AE /* AsyncImageView.swift */; };
		28EE23451BDF1F83009161AE /* AutoTextView.swift in Sources */ = {isa = PBXBuildFile; fileRef = 28EE23271BDF1F83009161AE /* AutoTextView.swift */; };
		28EE23461BDF1F83009161AE /* BlurView.swift in Sources */ = {isa = PBXBuildFile; fileRef = 28EE23281BDF1F83009161AE /* BlurView.swift */; };
		28EE23471BDF1F83009161AE /* DesignableButton.swift in Sources */ = {isa = PBXBuildFile; fileRef = 28EE23291BDF1F83009161AE /* DesignableButton.swift */; };
		28EE23481BDF1F83009161AE /* DesignableImageView.swift in Sources */ = {isa = PBXBuildFile; fileRef = 28EE232A1BDF1F83009161AE /* DesignableImageView.swift */; };
		28EE23491BDF1F83009161AE /* DesignableLabel.swift in Sources */ = {isa = PBXBuildFile; fileRef = 28EE232B1BDF1F83009161AE /* DesignableLabel.swift */; };
		28EE234A1BDF1F83009161AE /* DesignableTabBarController.swift in Sources */ = {isa = PBXBuildFile; fileRef = 28EE232C1BDF1F83009161AE /* DesignableTabBarController.swift */; };
		28EE234B1BDF1F83009161AE /* DesignableTextField.swift in Sources */ = {isa = PBXBuildFile; fileRef = 28EE232D1BDF1F83009161AE /* DesignableTextField.swift */; };
		28EE234C1BDF1F83009161AE /* DesignableTextView.swift in Sources */ = {isa = PBXBuildFile; fileRef = 28EE232E1BDF1F83009161AE /* DesignableTextView.swift */; };
		28EE234D1BDF1F83009161AE /* DesignableView.swift in Sources */ = {isa = PBXBuildFile; fileRef = 28EE232F1BDF1F83009161AE /* DesignableView.swift */; };
		28EE234E1BDF1F83009161AE /* ImageLoader.swift in Sources */ = {isa = PBXBuildFile; fileRef = 28EE23301BDF1F83009161AE /* ImageLoader.swift */; };
		28EE234F1BDF1F83009161AE /* Info.plist in Resources */ = {isa = PBXBuildFile; fileRef = 28EE23311BDF1F83009161AE /* Info.plist */; };
		28EE23501BDF1F83009161AE /* KeyboardLayoutConstraint.swift in Sources */ = {isa = PBXBuildFile; fileRef = 28EE23321BDF1F83009161AE /* KeyboardLayoutConstraint.swift */; };
		28EE23511BDF1F83009161AE /* LoadingView.swift in Sources */ = {isa = PBXBuildFile; fileRef = 28EE23331BDF1F83009161AE /* LoadingView.swift */; };
		28EE23521BDF1F83009161AE /* LoadingView.xib in Resources */ = {isa = PBXBuildFile; fileRef = 28EE23341BDF1F83009161AE /* LoadingView.xib */; };
		28EE23531BDF1F83009161AE /* Misc.swift in Sources */ = {isa = PBXBuildFile; fileRef = 28EE23351BDF1F83009161AE /* Misc.swift */; };
		28EE23541BDF1F83009161AE /* SoundPlayer.swift in Sources */ = {isa = PBXBuildFile; fileRef = 28EE23361BDF1F83009161AE /* SoundPlayer.swift */; };
		28EE23551BDF1F83009161AE /* Spring.swift in Sources */ = {isa = PBXBuildFile; fileRef = 28EE23381BDF1F83009161AE /* Spring.swift */; };
		28EE23561BDF1F83009161AE /* SpringAnimation.swift in Sources */ = {isa = PBXBuildFile; fileRef = 28EE23391BDF1F83009161AE /* SpringAnimation.swift */; };
		28EE23571BDF1F83009161AE /* SpringButton.swift in Sources */ = {isa = PBXBuildFile; fileRef = 28EE233A1BDF1F83009161AE /* SpringButton.swift */; };
		28EE23581BDF1F83009161AE /* SpringImageView.swift in Sources */ = {isa = PBXBuildFile; fileRef = 28EE233B1BDF1F83009161AE /* SpringImageView.swift */; };
		28EE23591BDF1F83009161AE /* SpringLabel.swift in Sources */ = {isa = PBXBuildFile; fileRef = 28EE233C1BDF1F83009161AE /* SpringLabel.swift */; };
		28EE235A1BDF1F83009161AE /* SpringTextField.swift in Sources */ = {isa = PBXBuildFile; fileRef = 28EE233D1BDF1F83009161AE /* SpringTextField.swift */; };
		28EE235B1BDF1F83009161AE /* SpringTextView.swift in Sources */ = {isa = PBXBuildFile; fileRef = 28EE233E1BDF1F83009161AE /* SpringTextView.swift */; };
		28EE235C1BDF1F83009161AE /* SpringView.swift in Sources */ = {isa = PBXBuildFile; fileRef = 28EE233F1BDF1F83009161AE /* SpringView.swift */; };
		28EE235D1BDF1F83009161AE /* TransitionManager.swift in Sources */ = {isa = PBXBuildFile; fileRef = 28EE23401BDF1F83009161AE /* TransitionManager.swift */; };
		28EE235E1BDF1F83009161AE /* TransitionZoom.swift in Sources */ = {isa = PBXBuildFile; fileRef = 28EE23411BDF1F83009161AE /* TransitionZoom.swift */; };
		28EE235F1BDF1F83009161AE /* UnwindSegue.swift in Sources */ = {isa = PBXBuildFile; fileRef = 28EE23421BDF1F83009161AE /* UnwindSegue.swift */; };
		28EE236C1BDF1FF9009161AE /* AnimationController.swift in Sources */ = {isa = PBXBuildFile; fileRef = 28EE23611BDF1FF9009161AE /* AnimationController.swift */; };
		28EE236D1BDF1FF9009161AE /* ImageAction.swift in Sources */ = {isa = PBXBuildFile; fileRef = 28EE23621BDF1FF9009161AE /* ImageAction.swift */; };
		28EE236E1BDF1FF9009161AE /* ImageCollectionViewCell.swift in Sources */ = {isa = PBXBuildFile; fileRef = 28EE23631BDF1FF9009161AE /* ImageCollectionViewCell.swift */; };
		28EE236F1BDF1FF9009161AE /* ImagePickerCollectionView.swift in Sources */ = {isa = PBXBuildFile; fileRef = 28EE23641BDF1FF9009161AE /* ImagePickerCollectionView.swift */; };
		28EE23701BDF1FF9009161AE /* ImagePickerSheetController.swift in Sources */ = {isa = PBXBuildFile; fileRef = 28EE23661BDF1FF9009161AE /* ImagePickerSheetController.swift */; };
		28EE23711BDF1FF9009161AE /* ImagePreviewFlowLayout.swift in Sources */ = {isa = PBXBuildFile; fileRef = 28EE23671BDF1FF9009161AE /* ImagePreviewFlowLayout.swift */; };
		28EE23721BDF1FF9009161AE /* ImagePreviewTableViewCell.swift in Sources */ = {isa = PBXBuildFile; fileRef = 28EE23681BDF1FF9009161AE /* ImagePreviewTableViewCell.swift */; };
		28EE23731BDF1FF9009161AE /* Images.xcassets in Resources */ = {isa = PBXBuildFile; fileRef = 28EE23691BDF1FF9009161AE /* Images.xcassets */; };
		28EE23741BDF1FF9009161AE /* Info.plist in Resources */ = {isa = PBXBuildFile; fileRef = 28EE236A1BDF1FF9009161AE /* Info.plist */; };
		28EE23751BDF1FF9009161AE /* PreviewSupplementaryView.swift in Sources */ = {isa = PBXBuildFile; fileRef = 28EE236B1BDF1FF9009161AE /* PreviewSupplementaryView.swift */; };
		8D2ACF6F2CBE666F0651BC7A /* libPods.a in Frameworks */ = {isa = PBXBuildFile; fileRef = B255B4D666AF91CF21B4DDEE /* libPods.a */; };
		CE0413501BD88B8300BED627 /* MembersTableViewController.swift in Sources */ = {isa = PBXBuildFile; fileRef = CE04134F1BD88B8300BED627 /* MembersTableViewController.swift */; };
		CE0413521BD88CEB00BED627 /* MessagesTableViewController.swift in Sources */ = {isa = PBXBuildFile; fileRef = CE0413511BD88CEB00BED627 /* MessagesTableViewController.swift */; };
		CE0F3C541BD729D20012B7D7 /* KlusterHeaderView.swift in Sources */ = {isa = PBXBuildFile; fileRef = CE0F3C531BD729D20012B7D7 /* KlusterHeaderView.swift */; };
		CE14D6551BD809A100FC06F4 /* CAPSPageMenu.swift in Sources */ = {isa = PBXBuildFile; fileRef = CE14D6541BD809A100FC06F4 /* CAPSPageMenu.swift */; };
		CE89911D1B8A614B00B2B6BC /* AudioToolbox.framework in Frameworks */ = {isa = PBXBuildFile; fileRef = CE89911C1B8A614B00B2B6BC /* AudioToolbox.framework */; };
		CE89911F1B8A615300B2B6BC /* CFNetwork.framework in Frameworks */ = {isa = PBXBuildFile; fileRef = CE89911E1B8A615300B2B6BC /* CFNetwork.framework */; };
		CE8991211B8A615A00B2B6BC /* CoreGraphics.framework in Frameworks */ = {isa = PBXBuildFile; fileRef = CE8991201B8A615A00B2B6BC /* CoreGraphics.framework */; };
		CE8991231B8A616000B2B6BC /* CoreLocation.framework in Frameworks */ = {isa = PBXBuildFile; fileRef = CE8991221B8A616000B2B6BC /* CoreLocation.framework */; };
		CE8991251B8A616B00B2B6BC /* libz.dylib in Frameworks */ = {isa = PBXBuildFile; fileRef = CE8991241B8A616B00B2B6BC /* libz.dylib */; };
		CE8991271B8A617600B2B6BC /* MobileCoreServices.framework in Frameworks */ = {isa = PBXBuildFile; fileRef = CE8991261B8A617600B2B6BC /* MobileCoreServices.framework */; };
		CE8991291B8A618000B2B6BC /* QuartzCore.framework in Frameworks */ = {isa = PBXBuildFile; fileRef = CE8991281B8A618000B2B6BC /* QuartzCore.framework */; };
		CE89912B1B8A618700B2B6BC /* Security.framework in Frameworks */ = {isa = PBXBuildFile; fileRef = CE89912A1B8A618700B2B6BC /* Security.framework */; };
		CE89912D1B8A618E00B2B6BC /* StoreKit.framework in Frameworks */ = {isa = PBXBuildFile; fileRef = CE89912C1B8A618E00B2B6BC /* StoreKit.framework */; };
		CE89912F1B8A619900B2B6BC /* SystemConfiguration.framework in Frameworks */ = {isa = PBXBuildFile; fileRef = CE89912E1B8A619900B2B6BC /* SystemConfiguration.framework */; };
		CE8991311B8A61A200B2B6BC /* libsqlite3.dylib in Frameworks */ = {isa = PBXBuildFile; fileRef = CE8991301B8A61A200B2B6BC /* libsqlite3.dylib */; };
		CE8BE8FE1BB23FFE00BBEC24 /* ProfileViewController.swift in Sources */ = {isa = PBXBuildFile; fileRef = CE8BE8FD1BB23FFE00BBEC24 /* ProfileViewController.swift */; };
		CE9A30C01BAE074300BC79FE /* BondoluoPeek.ttf in Resources */ = {isa = PBXBuildFile; fileRef = CE9A30BF1BAE073C00BC79FE /* BondoluoPeek.ttf */; };
		CEA8EA121B854B2100DC2AA5 /* AppDelegate.swift in Sources */ = {isa = PBXBuildFile; fileRef = CEA8EA111B854B2100DC2AA5 /* AppDelegate.swift */; };
		CEA8EA171B854B2100DC2AA5 /* Main.storyboard in Resources */ = {isa = PBXBuildFile; fileRef = CEA8EA151B854B2100DC2AA5 /* Main.storyboard */; };
		CEA8EA191B854B2100DC2AA5 /* Images.xcassets in Resources */ = {isa = PBXBuildFile; fileRef = CEA8EA181B854B2100DC2AA5 /* Images.xcassets */; };
		CEA8EA1C1B854B2100DC2AA5 /* LaunchScreen.xib in Resources */ = {isa = PBXBuildFile; fileRef = CEA8EA1A1B854B2100DC2AA5 /* LaunchScreen.xib */; };
		CEA8EA281B854B2100DC2AA5 /* ClusterTests.swift in Sources */ = {isa = PBXBuildFile; fileRef = CEA8EA271B854B2100DC2AA5 /* ClusterTests.swift */; };
		CEA8EA321B854B7F00DC2AA5 /* HomeViewController.swift in Sources */ = {isa = PBXBuildFile; fileRef = CEA8EA311B854B7F00DC2AA5 /* HomeViewController.swift */; };
		CEAA8FAA1BCEFD9700004349 /* EditProfileTableViewController.swift in Sources */ = {isa = PBXBuildFile; fileRef = CEAA8FA91BCEFD9700004349 /* EditProfileTableViewController.swift */; };
		CEC1E7441BD7515F00203E41 /* KlusterViewController.swift in Sources */ = {isa = PBXBuildFile; fileRef = CEC1E7431BD7515F00203E41 /* KlusterViewController.swift */; };
		CEC88F141BB45772009BE41C /* SWRevealViewController.m in Sources */ = {isa = PBXBuildFile; fileRef = CEC88F131BB45772009BE41C /* SWRevealViewController.m */; };
		CEC88F171BB45C10009BE41C /* MenuController.swift in Sources */ = {isa = PBXBuildFile; fileRef = CEC88F161BB45C10009BE41C /* MenuController.swift */; };
		CED4489D1BA5111900F11808 /* Kluster.swift in Sources */ = {isa = PBXBuildFile; fileRef = CED4489C1BA5111900F11808 /* Kluster.swift */; };
		CED448A21BA5153800F11808 /* KlusterCollectionViewCell.swift in Sources */ = {isa = PBXBuildFile; fileRef = CED448A11BA5153800F11808 /* KlusterCollectionViewCell.swift */; };
		CEFEBF4A1BDC9CB500E4070D /* NewKlusterViewController.swift in Sources */ = {isa = PBXBuildFile; fileRef = CEFEBF491BDC9CB500E4070D /* NewKlusterViewController.swift */; };
/* End PBXBuildFile section */

/* Begin PBXContainerItemProxy section */
		CEA8EA221B854B2100DC2AA5 /* PBXContainerItemProxy */ = {
			isa = PBXContainerItemProxy;
			containerPortal = CEA8EA041B854B2100DC2AA5 /* Project object */;
			proxyType = 1;
			remoteGlobalIDString = CEA8EA0B1B854B2100DC2AA5;
			remoteInfo = Cluster;
		};
/* End PBXContainerItemProxy section */

/* Begin PBXFileReference section */
		28EE23251BDF1F83009161AE /* AsyncButton.swift */ = {isa = PBXFileReference; fileEncoding = 4; lastKnownFileType = sourcecode.swift; path = AsyncButton.swift; sourceTree = "<group>"; };
		28EE23261BDF1F83009161AE /* AsyncImageView.swift */ = {isa = PBXFileReference; fileEncoding = 4; lastKnownFileType = sourcecode.swift; path = AsyncImageView.swift; sourceTree = "<group>"; };
		28EE23271BDF1F83009161AE /* AutoTextView.swift */ = {isa = PBXFileReference; fileEncoding = 4; lastKnownFileType = sourcecode.swift; path = AutoTextView.swift; sourceTree = "<group>"; };
		28EE23281BDF1F83009161AE /* BlurView.swift */ = {isa = PBXFileReference; fileEncoding = 4; lastKnownFileType = sourcecode.swift; path = BlurView.swift; sourceTree = "<group>"; };
		28EE23291BDF1F83009161AE /* DesignableButton.swift */ = {isa = PBXFileReference; fileEncoding = 4; lastKnownFileType = sourcecode.swift; path = DesignableButton.swift; sourceTree = "<group>"; };
		28EE232A1BDF1F83009161AE /* DesignableImageView.swift */ = {isa = PBXFileReference; fileEncoding = 4; lastKnownFileType = sourcecode.swift; path = DesignableImageView.swift; sourceTree = "<group>"; };
		28EE232B1BDF1F83009161AE /* DesignableLabel.swift */ = {isa = PBXFileReference; fileEncoding = 4; lastKnownFileType = sourcecode.swift; path = DesignableLabel.swift; sourceTree = "<group>"; };
		28EE232C1BDF1F83009161AE /* DesignableTabBarController.swift */ = {isa = PBXFileReference; fileEncoding = 4; lastKnownFileType = sourcecode.swift; path = DesignableTabBarController.swift; sourceTree = "<group>"; };
		28EE232D1BDF1F83009161AE /* DesignableTextField.swift */ = {isa = PBXFileReference; fileEncoding = 4; lastKnownFileType = sourcecode.swift; path = DesignableTextField.swift; sourceTree = "<group>"; };
		28EE232E1BDF1F83009161AE /* DesignableTextView.swift */ = {isa = PBXFileReference; fileEncoding = 4; lastKnownFileType = sourcecode.swift; path = DesignableTextView.swift; sourceTree = "<group>"; };
		28EE232F1BDF1F83009161AE /* DesignableView.swift */ = {isa = PBXFileReference; fileEncoding = 4; lastKnownFileType = sourcecode.swift; path = DesignableView.swift; sourceTree = "<group>"; };
		28EE23301BDF1F83009161AE /* ImageLoader.swift */ = {isa = PBXFileReference; fileEncoding = 4; lastKnownFileType = sourcecode.swift; path = ImageLoader.swift; sourceTree = "<group>"; };
		28EE23311BDF1F83009161AE /* Info.plist */ = {isa = PBXFileReference; fileEncoding = 4; lastKnownFileType = text.plist.xml; path = Info.plist; sourceTree = "<group>"; };
		28EE23321BDF1F83009161AE /* KeyboardLayoutConstraint.swift */ = {isa = PBXFileReference; fileEncoding = 4; lastKnownFileType = sourcecode.swift; path = KeyboardLayoutConstraint.swift; sourceTree = "<group>"; };
		28EE23331BDF1F83009161AE /* LoadingView.swift */ = {isa = PBXFileReference; fileEncoding = 4; lastKnownFileType = sourcecode.swift; path = LoadingView.swift; sourceTree = "<group>"; };
		28EE23341BDF1F83009161AE /* LoadingView.xib */ = {isa = PBXFileReference; fileEncoding = 4; lastKnownFileType = file.xib; path = LoadingView.xib; sourceTree = "<group>"; };
		28EE23351BDF1F83009161AE /* Misc.swift */ = {isa = PBXFileReference; fileEncoding = 4; lastKnownFileType = sourcecode.swift; path = Misc.swift; sourceTree = "<group>"; };
		28EE23361BDF1F83009161AE /* SoundPlayer.swift */ = {isa = PBXFileReference; fileEncoding = 4; lastKnownFileType = sourcecode.swift; path = SoundPlayer.swift; sourceTree = "<group>"; };
		28EE23371BDF1F83009161AE /* Spring.h */ = {isa = PBXFileReference; fileEncoding = 4; lastKnownFileType = sourcecode.c.h; path = Spring.h; sourceTree = "<group>"; };
		28EE23381BDF1F83009161AE /* Spring.swift */ = {isa = PBXFileReference; fileEncoding = 4; lastKnownFileType = sourcecode.swift; path = Spring.swift; sourceTree = "<group>"; };
		28EE23391BDF1F83009161AE /* SpringAnimation.swift */ = {isa = PBXFileReference; fileEncoding = 4; lastKnownFileType = sourcecode.swift; path = SpringAnimation.swift; sourceTree = "<group>"; };
		28EE233A1BDF1F83009161AE /* SpringButton.swift */ = {isa = PBXFileReference; fileEncoding = 4; lastKnownFileType = sourcecode.swift; path = SpringButton.swift; sourceTree = "<group>"; };
		28EE233B1BDF1F83009161AE /* SpringImageView.swift */ = {isa = PBXFileReference; fileEncoding = 4; lastKnownFileType = sourcecode.swift; path = SpringImageView.swift; sourceTree = "<group>"; };
		28EE233C1BDF1F83009161AE /* SpringLabel.swift */ = {isa = PBXFileReference; fileEncoding = 4; lastKnownFileType = sourcecode.swift; path = SpringLabel.swift; sourceTree = "<group>"; };
		28EE233D1BDF1F83009161AE /* SpringTextField.swift */ = {isa = PBXFileReference; fileEncoding = 4; lastKnownFileType = sourcecode.swift; path = SpringTextField.swift; sourceTree = "<group>"; };
		28EE233E1BDF1F83009161AE /* SpringTextView.swift */ = {isa = PBXFileReference; fileEncoding = 4; lastKnownFileType = sourcecode.swift; path = SpringTextView.swift; sourceTree = "<group>"; };
		28EE233F1BDF1F83009161AE /* SpringView.swift */ = {isa = PBXFileReference; fileEncoding = 4; lastKnownFileType = sourcecode.swift; path = SpringView.swift; sourceTree = "<group>"; };
		28EE23401BDF1F83009161AE /* TransitionManager.swift */ = {isa = PBXFileReference; fileEncoding = 4; lastKnownFileType = sourcecode.swift; path = TransitionManager.swift; sourceTree = "<group>"; };
		28EE23411BDF1F83009161AE /* TransitionZoom.swift */ = {isa = PBXFileReference; fileEncoding = 4; lastKnownFileType = sourcecode.swift; path = TransitionZoom.swift; sourceTree = "<group>"; };
		28EE23421BDF1F83009161AE /* UnwindSegue.swift */ = {isa = PBXFileReference; fileEncoding = 4; lastKnownFileType = sourcecode.swift; path = UnwindSegue.swift; sourceTree = "<group>"; };
		28EE23611BDF1FF9009161AE /* AnimationController.swift */ = {isa = PBXFileReference; fileEncoding = 4; lastKnownFileType = sourcecode.swift; path = AnimationController.swift; sourceTree = "<group>"; };
		28EE23621BDF1FF9009161AE /* ImageAction.swift */ = {isa = PBXFileReference; fileEncoding = 4; lastKnownFileType = sourcecode.swift; path = ImageAction.swift; sourceTree = "<group>"; };
		28EE23631BDF1FF9009161AE /* ImageCollectionViewCell.swift */ = {isa = PBXFileReference; fileEncoding = 4; lastKnownFileType = sourcecode.swift; path = ImageCollectionViewCell.swift; sourceTree = "<group>"; };
		28EE23641BDF1FF9009161AE /* ImagePickerCollectionView.swift */ = {isa = PBXFileReference; fileEncoding = 4; lastKnownFileType = sourcecode.swift; path = ImagePickerCollectionView.swift; sourceTree = "<group>"; };
		28EE23651BDF1FF9009161AE /* ImagePickerSheetController.h */ = {isa = PBXFileReference; fileEncoding = 4; lastKnownFileType = sourcecode.c.h; path = ImagePickerSheetController.h; sourceTree = "<group>"; };
		28EE23661BDF1FF9009161AE /* ImagePickerSheetController.swift */ = {isa = PBXFileReference; fileEncoding = 4; lastKnownFileType = sourcecode.swift; path = ImagePickerSheetController.swift; sourceTree = "<group>"; };
		28EE23671BDF1FF9009161AE /* ImagePreviewFlowLayout.swift */ = {isa = PBXFileReference; fileEncoding = 4; lastKnownFileType = sourcecode.swift; path = ImagePreviewFlowLayout.swift; sourceTree = "<group>"; };
		28EE23681BDF1FF9009161AE /* ImagePreviewTableViewCell.swift */ = {isa = PBXFileReference; fileEncoding = 4; lastKnownFileType = sourcecode.swift; path = ImagePreviewTableViewCell.swift; sourceTree = "<group>"; };
		28EE23691BDF1FF9009161AE /* Images.xcassets */ = {isa = PBXFileReference; lastKnownFileType = folder.assetcatalog; path = Images.xcassets; sourceTree = "<group>"; };
		28EE236A1BDF1FF9009161AE /* Info.plist */ = {isa = PBXFileReference; fileEncoding = 4; lastKnownFileType = text.plist.xml; path = Info.plist; sourceTree = "<group>"; };
		28EE236B1BDF1FF9009161AE /* PreviewSupplementaryView.swift */ = {isa = PBXFileReference; fileEncoding = 4; lastKnownFileType = sourcecode.swift; path = PreviewSupplementaryView.swift; sourceTree = "<group>"; };
		3546CD1362BCE0677D077A57 /* Pods.debug.xcconfig */ = {isa = PBXFileReference; includeInIndex = 1; lastKnownFileType = text.xcconfig; name = Pods.debug.xcconfig; path = "Pods/Target Support Files/Pods/Pods.debug.xcconfig"; sourceTree = "<group>"; };
		B255B4D666AF91CF21B4DDEE /* libPods.a */ = {isa = PBXFileReference; explicitFileType = archive.ar; includeInIndex = 0; path = libPods.a; sourceTree = BUILT_PRODUCTS_DIR; };
		BF30D58564BAC072F96024A4 /* Pods.release.xcconfig */ = {isa = PBXFileReference; includeInIndex = 1; lastKnownFileType = text.xcconfig; name = Pods.release.xcconfig; path = "Pods/Target Support Files/Pods/Pods.release.xcconfig"; sourceTree = "<group>"; };
		CE04134F1BD88B8300BED627 /* MembersTableViewController.swift */ = {isa = PBXFileReference; fileEncoding = 4; lastKnownFileType = sourcecode.swift; path = MembersTableViewController.swift; sourceTree = "<group>"; };
		CE0413511BD88CEB00BED627 /* MessagesTableViewController.swift */ = {isa = PBXFileReference; fileEncoding = 4; lastKnownFileType = sourcecode.swift; path = MessagesTableViewController.swift; sourceTree = "<group>"; };
		CE0F3C531BD729D20012B7D7 /* KlusterHeaderView.swift */ = {isa = PBXFileReference; fileEncoding = 4; lastKnownFileType = sourcecode.swift; path = KlusterHeaderView.swift; sourceTree = "<group>"; };
		CE14D6541BD809A100FC06F4 /* CAPSPageMenu.swift */ = {isa = PBXFileReference; fileEncoding = 4; lastKnownFileType = sourcecode.swift; path = CAPSPageMenu.swift; sourceTree = "<group>"; };
		CE89911C1B8A614B00B2B6BC /* AudioToolbox.framework */ = {isa = PBXFileReference; lastKnownFileType = wrapper.framework; name = AudioToolbox.framework; path = System/Library/Frameworks/AudioToolbox.framework; sourceTree = SDKROOT; };
		CE89911E1B8A615300B2B6BC /* CFNetwork.framework */ = {isa = PBXFileReference; lastKnownFileType = wrapper.framework; name = CFNetwork.framework; path = System/Library/Frameworks/CFNetwork.framework; sourceTree = SDKROOT; };
		CE8991201B8A615A00B2B6BC /* CoreGraphics.framework */ = {isa = PBXFileReference; lastKnownFileType = wrapper.framework; name = CoreGraphics.framework; path = System/Library/Frameworks/CoreGraphics.framework; sourceTree = SDKROOT; };
		CE8991221B8A616000B2B6BC /* CoreLocation.framework */ = {isa = PBXFileReference; lastKnownFileType = wrapper.framework; name = CoreLocation.framework; path = System/Library/Frameworks/CoreLocation.framework; sourceTree = SDKROOT; };
		CE8991241B8A616B00B2B6BC /* libz.dylib */ = {isa = PBXFileReference; lastKnownFileType = "compiled.mach-o.dylib"; name = libz.dylib; path = usr/lib/libz.dylib; sourceTree = SDKROOT; };
		CE8991261B8A617600B2B6BC /* MobileCoreServices.framework */ = {isa = PBXFileReference; lastKnownFileType = wrapper.framework; name = MobileCoreServices.framework; path = System/Library/Frameworks/MobileCoreServices.framework; sourceTree = SDKROOT; };
		CE8991281B8A618000B2B6BC /* QuartzCore.framework */ = {isa = PBXFileReference; lastKnownFileType = wrapper.framework; name = QuartzCore.framework; path = System/Library/Frameworks/QuartzCore.framework; sourceTree = SDKROOT; };
		CE89912A1B8A618700B2B6BC /* Security.framework */ = {isa = PBXFileReference; lastKnownFileType = wrapper.framework; name = Security.framework; path = System/Library/Frameworks/Security.framework; sourceTree = SDKROOT; };
		CE89912C1B8A618E00B2B6BC /* StoreKit.framework */ = {isa = PBXFileReference; lastKnownFileType = wrapper.framework; name = StoreKit.framework; path = System/Library/Frameworks/StoreKit.framework; sourceTree = SDKROOT; };
		CE89912E1B8A619900B2B6BC /* SystemConfiguration.framework */ = {isa = PBXFileReference; lastKnownFileType = wrapper.framework; name = SystemConfiguration.framework; path = System/Library/Frameworks/SystemConfiguration.framework; sourceTree = SDKROOT; };
		CE8991301B8A61A200B2B6BC /* libsqlite3.dylib */ = {isa = PBXFileReference; lastKnownFileType = "compiled.mach-o.dylib"; name = libsqlite3.dylib; path = usr/lib/libsqlite3.dylib; sourceTree = SDKROOT; };
		CE8991321B8A61DF00B2B6BC /* Cluster-Bridging-Header.h */ = {isa = PBXFileReference; lastKnownFileType = sourcecode.c.h; path = "Cluster-Bridging-Header.h"; sourceTree = "<group>"; };
		CE8BE8FD1BB23FFE00BBEC24 /* ProfileViewController.swift */ = {isa = PBXFileReference; fileEncoding = 4; lastKnownFileType = sourcecode.swift; path = ProfileViewController.swift; sourceTree = "<group>"; };
		CE9A30BF1BAE073C00BC79FE /* BondoluoPeek.ttf */ = {isa = PBXFileReference; lastKnownFileType = file; path = BondoluoPeek.ttf; sourceTree = "<group>"; };
		CEA8EA0C1B854B2100DC2AA5 /* Cluster.app */ = {isa = PBXFileReference; explicitFileType = wrapper.application; includeInIndex = 0; path = Cluster.app; sourceTree = BUILT_PRODUCTS_DIR; };
		CEA8EA101B854B2100DC2AA5 /* Info.plist */ = {isa = PBXFileReference; lastKnownFileType = text.plist.xml; path = Info.plist; sourceTree = "<group>"; };
		CEA8EA111B854B2100DC2AA5 /* AppDelegate.swift */ = {isa = PBXFileReference; lastKnownFileType = sourcecode.swift; path = AppDelegate.swift; sourceTree = "<group>"; };
		CEA8EA161B854B2100DC2AA5 /* Base */ = {isa = PBXFileReference; lastKnownFileType = file.storyboard; name = Base; path = Base.lproj/Main.storyboard; sourceTree = "<group>"; };
		CEA8EA181B854B2100DC2AA5 /* Images.xcassets */ = {isa = PBXFileReference; lastKnownFileType = folder.assetcatalog; path = Images.xcassets; sourceTree = "<group>"; };
		CEA8EA1B1B854B2100DC2AA5 /* Base */ = {isa = PBXFileReference; lastKnownFileType = file.xib; name = Base; path = Base.lproj/LaunchScreen.xib; sourceTree = "<group>"; };
		CEA8EA211B854B2100DC2AA5 /* ClusterTests.xctest */ = {isa = PBXFileReference; explicitFileType = wrapper.cfbundle; includeInIndex = 0; path = ClusterTests.xctest; sourceTree = BUILT_PRODUCTS_DIR; };
		CEA8EA261B854B2100DC2AA5 /* Info.plist */ = {isa = PBXFileReference; lastKnownFileType = text.plist.xml; path = Info.plist; sourceTree = "<group>"; };
		CEA8EA271B854B2100DC2AA5 /* ClusterTests.swift */ = {isa = PBXFileReference; lastKnownFileType = sourcecode.swift; path = ClusterTests.swift; sourceTree = "<group>"; };
		CEA8EA311B854B7F00DC2AA5 /* HomeViewController.swift */ = {isa = PBXFileReference; fileEncoding = 4; lastKnownFileType = sourcecode.swift; path = HomeViewController.swift; sourceTree = "<group>"; };
		CEAA8FA91BCEFD9700004349 /* EditProfileTableViewController.swift */ = {isa = PBXFileReference; fileEncoding = 4; lastKnownFileType = sourcecode.swift; path = EditProfileTableViewController.swift; sourceTree = "<group>"; };
		CEC1E7431BD7515F00203E41 /* KlusterViewController.swift */ = {isa = PBXFileReference; fileEncoding = 4; lastKnownFileType = sourcecode.swift; path = KlusterViewController.swift; sourceTree = "<group>"; };
		CEC88F121BB45772009BE41C /* SWRevealViewController.h */ = {isa = PBXFileReference; fileEncoding = 4; lastKnownFileType = sourcecode.c.h; path = SWRevealViewController.h; sourceTree = "<group>"; };
		CEC88F131BB45772009BE41C /* SWRevealViewController.m */ = {isa = PBXFileReference; fileEncoding = 4; lastKnownFileType = sourcecode.c.objc; path = SWRevealViewController.m; sourceTree = "<group>"; };
		CEC88F161BB45C10009BE41C /* MenuController.swift */ = {isa = PBXFileReference; fileEncoding = 4; lastKnownFileType = sourcecode.swift; path = MenuController.swift; sourceTree = "<group>"; };
		CED4489C1BA5111900F11808 /* Kluster.swift */ = {isa = PBXFileReference; fileEncoding = 4; lastKnownFileType = sourcecode.swift; path = Kluster.swift; sourceTree = "<group>"; };
		CED448A11BA5153800F11808 /* KlusterCollectionViewCell.swift */ = {isa = PBXFileReference; fileEncoding = 4; lastKnownFileType = sourcecode.swift; path = KlusterCollectionViewCell.swift; sourceTree = "<group>"; };
		CEFEBF491BDC9CB500E4070D /* NewKlusterViewController.swift */ = {isa = PBXFileReference; fileEncoding = 4; lastKnownFileType = sourcecode.swift; path = NewKlusterViewController.swift; sourceTree = "<group>"; };
/* End PBXFileReference section */

/* Begin PBXFrameworksBuildPhase section */
		CEA8EA091B854B2100DC2AA5 /* Frameworks */ = {
			isa = PBXFrameworksBuildPhase;
			buildActionMask = 2147483647;
			files = (
				CE8991311B8A61A200B2B6BC /* libsqlite3.dylib in Frameworks */,
				CE89912F1B8A619900B2B6BC /* SystemConfiguration.framework in Frameworks */,
				CE89912D1B8A618E00B2B6BC /* StoreKit.framework in Frameworks */,
				CE89912B1B8A618700B2B6BC /* Security.framework in Frameworks */,
				CE8991291B8A618000B2B6BC /* QuartzCore.framework in Frameworks */,
				CE8991271B8A617600B2B6BC /* MobileCoreServices.framework in Frameworks */,
				CE8991251B8A616B00B2B6BC /* libz.dylib in Frameworks */,
				CE8991231B8A616000B2B6BC /* CoreLocation.framework in Frameworks */,
				CE8991211B8A615A00B2B6BC /* CoreGraphics.framework in Frameworks */,
				CE89911F1B8A615300B2B6BC /* CFNetwork.framework in Frameworks */,
				CE89911D1B8A614B00B2B6BC /* AudioToolbox.framework in Frameworks */,
				8D2ACF6F2CBE666F0651BC7A /* libPods.a in Frameworks */,
			);
			runOnlyForDeploymentPostprocessing = 0;
		};
		CEA8EA1E1B854B2100DC2AA5 /* Frameworks */ = {
			isa = PBXFrameworksBuildPhase;
			buildActionMask = 2147483647;
			files = (
			);
			runOnlyForDeploymentPostprocessing = 0;
		};
/* End PBXFrameworksBuildPhase section */

/* Begin PBXGroup section */
		28EE23241BDF1F83009161AE /* Spring */ = {
			isa = PBXGroup;
			children = (
				28EE23251BDF1F83009161AE /* AsyncButton.swift */,
				28EE23261BDF1F83009161AE /* AsyncImageView.swift */,
				28EE23271BDF1F83009161AE /* AutoTextView.swift */,
				28EE23281BDF1F83009161AE /* BlurView.swift */,
				28EE23291BDF1F83009161AE /* DesignableButton.swift */,
				28EE232A1BDF1F83009161AE /* DesignableImageView.swift */,
				28EE232B1BDF1F83009161AE /* DesignableLabel.swift */,
				28EE232C1BDF1F83009161AE /* DesignableTabBarController.swift */,
				28EE232D1BDF1F83009161AE /* DesignableTextField.swift */,
				28EE232E1BDF1F83009161AE /* DesignableTextView.swift */,
				28EE232F1BDF1F83009161AE /* DesignableView.swift */,
				28EE23301BDF1F83009161AE /* ImageLoader.swift */,
				28EE23311BDF1F83009161AE /* Info.plist */,
				28EE23321BDF1F83009161AE /* KeyboardLayoutConstraint.swift */,
				28EE23331BDF1F83009161AE /* LoadingView.swift */,
				28EE23341BDF1F83009161AE /* LoadingView.xib */,
				28EE23351BDF1F83009161AE /* Misc.swift */,
				28EE23361BDF1F83009161AE /* SoundPlayer.swift */,
				28EE23371BDF1F83009161AE /* Spring.h */,
				28EE23381BDF1F83009161AE /* Spring.swift */,
				28EE23391BDF1F83009161AE /* SpringAnimation.swift */,
				28EE233A1BDF1F83009161AE /* SpringButton.swift */,
				28EE233B1BDF1F83009161AE /* SpringImageView.swift */,
				28EE233C1BDF1F83009161AE /* SpringLabel.swift */,
				28EE233D1BDF1F83009161AE /* SpringTextField.swift */,
				28EE233E1BDF1F83009161AE /* SpringTextView.swift */,
				28EE233F1BDF1F83009161AE /* SpringView.swift */,
				28EE23401BDF1F83009161AE /* TransitionManager.swift */,
				28EE23411BDF1F83009161AE /* TransitionZoom.swift */,
				28EE23421BDF1F83009161AE /* UnwindSegue.swift */,
			);
			path = Spring;
			sourceTree = "<group>";
		};
		28EE23601BDF1FF9009161AE /* ImagePickerSheet */ = {
			isa = PBXGroup;
			children = (
				28EE23611BDF1FF9009161AE /* AnimationController.swift */,
				28EE23621BDF1FF9009161AE /* ImageAction.swift */,
				28EE23631BDF1FF9009161AE /* ImageCollectionViewCell.swift */,
				28EE23641BDF1FF9009161AE /* ImagePickerCollectionView.swift */,
				28EE23651BDF1FF9009161AE /* ImagePickerSheetController.h */,
				28EE23661BDF1FF9009161AE /* ImagePickerSheetController.swift */,
				28EE23671BDF1FF9009161AE /* ImagePreviewFlowLayout.swift */,
				28EE23681BDF1FF9009161AE /* ImagePreviewTableViewCell.swift */,
				28EE23691BDF1FF9009161AE /* Images.xcassets */,
				28EE236A1BDF1FF9009161AE /* Info.plist */,
				28EE236B1BDF1FF9009161AE /* PreviewSupplementaryView.swift */,
			);
			path = ImagePickerSheet;
			sourceTree = "<group>";
		};
		98754A9F4EFC7751C3C68DCC /* Pods */ = {
			isa = PBXGroup;
			children = (
				3546CD1362BCE0677D077A57 /* Pods.debug.xcconfig */,
				BF30D58564BAC072F96024A4 /* Pods.release.xcconfig */,
			);
			name = Pods;
			sourceTree = "<group>";
		};
		B7F7862424CD11C144F1CC5E /* Frameworks */ = {
			isa = PBXGroup;
			children = (
				CE8991301B8A61A200B2B6BC /* libsqlite3.dylib */,
				CE89912E1B8A619900B2B6BC /* SystemConfiguration.framework */,
				CE89912C1B8A618E00B2B6BC /* StoreKit.framework */,
				CE89912A1B8A618700B2B6BC /* Security.framework */,
				CE8991281B8A618000B2B6BC /* QuartzCore.framework */,
				CE8991261B8A617600B2B6BC /* MobileCoreServices.framework */,
				CE8991241B8A616B00B2B6BC /* libz.dylib */,
				CE8991221B8A616000B2B6BC /* CoreLocation.framework */,
				CE8991201B8A615A00B2B6BC /* CoreGraphics.framework */,
				CE89911E1B8A615300B2B6BC /* CFNetwork.framework */,
				CE89911C1B8A614B00B2B6BC /* AudioToolbox.framework */,
				B255B4D666AF91CF21B4DDEE /* libPods.a */,
			);
			name = Frameworks;
			sourceTree = "<group>";
		};
		CE0F3C551BD729DD0012B7D7 /* Kluster Screens */ = {
			isa = PBXGroup;
			children = (
				CE0F3C531BD729D20012B7D7 /* KlusterHeaderView.swift */,
				CEC1E7431BD7515F00203E41 /* KlusterViewController.swift */,
			);
			name = "Kluster Screens";
			sourceTree = "<group>";
		};
		CE8BE8FF1BB2411A00BBEC24 /* Profile Screen */ = {
			isa = PBXGroup;
			children = (
				CE8BE8FD1BB23FFE00BBEC24 /* ProfileViewController.swift */,
				CEAA8FA91BCEFD9700004349 /* EditProfileTableViewController.swift */,
			);
			name = "Profile Screen";
			sourceTree = "<group>";
		};
		CEA8EA031B854B2100DC2AA5 = {
			isa = PBXGroup;
			children = (
				CEA8EA0E1B854B2100DC2AA5 /* Cluster */,
				CEA8EA241B854B2100DC2AA5 /* ClusterTests */,
				CEA8EA0D1B854B2100DC2AA5 /* Products */,
				98754A9F4EFC7751C3C68DCC /* Pods */,
				B7F7862424CD11C144F1CC5E /* Frameworks */,
			);
			sourceTree = "<group>";
		};
		CEA8EA0D1B854B2100DC2AA5 /* Products */ = {
			isa = PBXGroup;
			children = (
				CEA8EA0C1B854B2100DC2AA5 /* Cluster.app */,
				CEA8EA211B854B2100DC2AA5 /* ClusterTests.xctest */,
			);
			name = Products;
			sourceTree = "<group>";
		};
		CEA8EA0E1B854B2100DC2AA5 /* Cluster */ = {
			isa = PBXGroup;
			children = (
				CEA8EA111B854B2100DC2AA5 /* AppDelegate.swift */,
				CEC88F161BB45C10009BE41C /* MenuController.swift */,
				CE14D6541BD809A100FC06F4 /* CAPSPageMenu.swift */,
				CE04134F1BD88B8300BED627 /* MembersTableViewController.swift */,
				CE0413511BD88CEB00BED627 /* MessagesTableViewController.swift */,
				CE0F3C551BD729DD0012B7D7 /* Kluster Screens */,
				CE8BE8FF1BB2411A00BBEC24 /* Profile Screen */,
				CED448A01BA5136500F11808 /* Home Screen */,
				CED4489F1BA5135E00F11808 /* Model */,
				CEA8EA151B854B2100DC2AA5 /* Main.storyboard */,
				CEA8EA181B854B2100DC2AA5 /* Images.xcassets */,
				CEA8EA1A1B854B2100DC2AA5 /* LaunchScreen.xib */,
				28EE23241BDF1F83009161AE /* Spring */,
				28EE23601BDF1FF9009161AE /* ImagePickerSheet */,
				CEC88F151BB4578D009BE41C /* SWRevealViewController */,
				CE9A30BF1BAE073C00BC79FE /* BondoluoPeek.ttf */,
				CEA8EA0F1B854B2100DC2AA5 /* Supporting Files */,
				CE8991321B8A61DF00B2B6BC /* Cluster-Bridging-Header.h */,
			);
			path = Cluster;
			sourceTree = "<group>";
		};
		CEA8EA0F1B854B2100DC2AA5 /* Supporting Files */ = {
			isa = PBXGroup;
			children = (
				CEA8EA101B854B2100DC2AA5 /* Info.plist */,
			);
			name = "Supporting Files";
			sourceTree = "<group>";
		};
		CEA8EA241B854B2100DC2AA5 /* ClusterTests */ = {
			isa = PBXGroup;
			children = (
				CEA8EA271B854B2100DC2AA5 /* ClusterTests.swift */,
				CEA8EA251B854B2100DC2AA5 /* Supporting Files */,
			);
			path = ClusterTests;
			sourceTree = "<group>";
		};
		CEA8EA251B854B2100DC2AA5 /* Supporting Files */ = {
			isa = PBXGroup;
			children = (
				CEA8EA261B854B2100DC2AA5 /* Info.plist */,
			);
			name = "Supporting Files";
			sourceTree = "<group>";
		};
		CEC88F151BB4578D009BE41C /* SWRevealViewController */ = {
			isa = PBXGroup;
			children = (
				CEC88F121BB45772009BE41C /* SWRevealViewController.h */,
				CEC88F131BB45772009BE41C /* SWRevealViewController.m */,
			);
			name = SWRevealViewController;
			sourceTree = "<group>";
		};
		CED4489F1BA5135E00F11808 /* Model */ = {
			isa = PBXGroup;
			children = (
				CED4489C1BA5111900F11808 /* Kluster.swift */,
			);
			name = Model;
			sourceTree = "<group>";
		};
		CED448A01BA5136500F11808 /* Home Screen */ = {
			isa = PBXGroup;
			children = (
				CEA8EA311B854B7F00DC2AA5 /* HomeViewController.swift */,
				CEFEBF491BDC9CB500E4070D /* NewKlusterViewController.swift */,
				CED448A11BA5153800F11808 /* KlusterCollectionViewCell.swift */,
			);
			name = "Home Screen";
			sourceTree = "<group>";
		};
/* End PBXGroup section */

/* Begin PBXNativeTarget section */
		CEA8EA0B1B854B2100DC2AA5 /* Cluster */ = {
			isa = PBXNativeTarget;
			buildConfigurationList = CEA8EA2B1B854B2100DC2AA5 /* Build configuration list for PBXNativeTarget "Cluster" */;
			buildPhases = (
				E5B909E5E21E55AF0E88B3DA /* Check Pods Manifest.lock */,
				CEA8EA081B854B2100DC2AA5 /* Sources */,
				CEA8EA091B854B2100DC2AA5 /* Frameworks */,
				CEA8EA0A1B854B2100DC2AA5 /* Resources */,
				67C7258CA93F6017F945BE8E /* Copy Pods Resources */,
			);
			buildRules = (
			);
			dependencies = (
			);
			name = Cluster;
			productName = Cluster;
			productReference = CEA8EA0C1B854B2100DC2AA5 /* Cluster.app */;
			productType = "com.apple.product-type.application";
		};
		CEA8EA201B854B2100DC2AA5 /* ClusterTests */ = {
			isa = PBXNativeTarget;
			buildConfigurationList = CEA8EA2E1B854B2100DC2AA5 /* Build configuration list for PBXNativeTarget "ClusterTests" */;
			buildPhases = (
				CEA8EA1D1B854B2100DC2AA5 /* Sources */,
				CEA8EA1E1B854B2100DC2AA5 /* Frameworks */,
				CEA8EA1F1B854B2100DC2AA5 /* Resources */,
			);
			buildRules = (
			);
			dependencies = (
				CEA8EA231B854B2100DC2AA5 /* PBXTargetDependency */,
			);
			name = ClusterTests;
			productName = ClusterTests;
			productReference = CEA8EA211B854B2100DC2AA5 /* ClusterTests.xctest */;
			productType = "com.apple.product-type.bundle.unit-test";
		};
/* End PBXNativeTarget section */

/* Begin PBXProject section */
		CEA8EA041B854B2100DC2AA5 /* Project object */ = {
			isa = PBXProject;
			attributes = {
				LastSwiftMigration = 0710;
				LastSwiftUpdateCheck = 0710;
				LastUpgradeCheck = 0640;
				ORGANIZATIONNAME = ImagineME;
				TargetAttributes = {
					CEA8EA0B1B854B2100DC2AA5 = {
						CreatedOnToolsVersion = 6.4;
					};
					CEA8EA201B854B2100DC2AA5 = {
						CreatedOnToolsVersion = 6.4;
						TestTargetID = CEA8EA0B1B854B2100DC2AA5;
					};
				};
			};
			buildConfigurationList = CEA8EA071B854B2100DC2AA5 /* Build configuration list for PBXProject "Cluster" */;
			compatibilityVersion = "Xcode 3.2";
			developmentRegion = English;
			hasScannedForEncodings = 0;
			knownRegions = (
				en,
				Base,
			);
			mainGroup = CEA8EA031B854B2100DC2AA5;
			productRefGroup = CEA8EA0D1B854B2100DC2AA5 /* Products */;
			projectDirPath = "";
			projectRoot = "";
			targets = (
				CEA8EA0B1B854B2100DC2AA5 /* Cluster */,
				CEA8EA201B854B2100DC2AA5 /* ClusterTests */,
			);
		};
/* End PBXProject section */

/* Begin PBXResourcesBuildPhase section */
		CEA8EA0A1B854B2100DC2AA5 /* Resources */ = {
			isa = PBXResourcesBuildPhase;
			buildActionMask = 2147483647;
			files = (
				28EE23741BDF1FF9009161AE /* Info.plist in Resources */,
				CE9A30C01BAE074300BC79FE /* BondoluoPeek.ttf in Resources */,
				28EE234F1BDF1F83009161AE /* Info.plist in Resources */,
				28EE23731BDF1FF9009161AE /* Images.xcassets in Resources */,
				CEA8EA171B854B2100DC2AA5 /* Main.storyboard in Resources */,
				28EE23521BDF1F83009161AE /* LoadingView.xib in Resources */,
				CEA8EA1C1B854B2100DC2AA5 /* LaunchScreen.xib in Resources */,
				CEA8EA191B854B2100DC2AA5 /* Images.xcassets in Resources */,
			);
			runOnlyForDeploymentPostprocessing = 0;
		};
		CEA8EA1F1B854B2100DC2AA5 /* Resources */ = {
			isa = PBXResourcesBuildPhase;
			buildActionMask = 2147483647;
			files = (
			);
			runOnlyForDeploymentPostprocessing = 0;
		};
/* End PBXResourcesBuildPhase section */

/* Begin PBXShellScriptBuildPhase section */
		67C7258CA93F6017F945BE8E /* Copy Pods Resources */ = {
			isa = PBXShellScriptBuildPhase;
			buildActionMask = 2147483647;
			files = (
			);
			inputPaths = (
			);
			name = "Copy Pods Resources";
			outputPaths = (
			);
			runOnlyForDeploymentPostprocessing = 0;
			shellPath = /bin/sh;
			shellScript = "\"${SRCROOT}/Pods/Target Support Files/Pods/Pods-resources.sh\"\n";
			showEnvVarsInLog = 0;
		};
		E5B909E5E21E55AF0E88B3DA /* Check Pods Manifest.lock */ = {
			isa = PBXShellScriptBuildPhase;
			buildActionMask = 2147483647;
			files = (
			);
			inputPaths = (
			);
			name = "Check Pods Manifest.lock";
			outputPaths = (
			);
			runOnlyForDeploymentPostprocessing = 0;
			shellPath = /bin/sh;
			shellScript = "diff \"${PODS_ROOT}/../Podfile.lock\" \"${PODS_ROOT}/Manifest.lock\" > /dev/null\nif [[ $? != 0 ]] ; then\n    cat << EOM\nerror: The sandbox is not in sync with the Podfile.lock. Run 'pod install' or update your CocoaPods installation.\nEOM\n    exit 1\nfi\n";
			showEnvVarsInLog = 0;
		};
/* End PBXShellScriptBuildPhase section */

/* Begin PBXSourcesBuildPhase section */
		CEA8EA081B854B2100DC2AA5 /* Sources */ = {
			isa = PBXSourcesBuildPhase;
			buildActionMask = 2147483647;
			files = (
				CEFEBF4A1BDC9CB500E4070D /* NewKlusterViewController.swift in Sources */,
				28EE235C1BDF1F83009161AE /* SpringView.swift in Sources */,
				CEA8EA121B854B2100DC2AA5 /* AppDelegate.swift in Sources */,
				28EE235D1BDF1F83009161AE /* TransitionManager.swift in Sources */,
				CED4489D1BA5111900F11808 /* Kluster.swift in Sources */,
				28EE23561BDF1F83009161AE /* SpringAnimation.swift in Sources */,
				28EE234D1BDF1F83009161AE /* DesignableView.swift in Sources */,
				28EE234B1BDF1F83009161AE /* DesignableTextField.swift in Sources */,
				28EE23711BDF1FF9009161AE /* ImagePreviewFlowLayout.swift in Sources */,
				28EE23511BDF1F83009161AE /* LoadingView.swift in Sources */,
				CE0413501BD88B8300BED627 /* MembersTableViewController.swift in Sources */,
				28EE234A1BDF1F83009161AE /* DesignableTabBarController.swift in Sources */,
				28EE236F1BDF1FF9009161AE /* ImagePickerCollectionView.swift in Sources */,
				28EE236D1BDF1FF9009161AE /* ImageAction.swift in Sources */,
				CEC88F141BB45772009BE41C /* SWRevealViewController.m in Sources */,
				28EE23461BDF1F83009161AE /* BlurView.swift in Sources */,
				28EE23541BDF1F83009161AE /* SoundPlayer.swift in Sources */,
				28EE23701BDF1FF9009161AE /* ImagePickerSheetController.swift in Sources */,
				28EE23721BDF1FF9009161AE /* ImagePreviewTableViewCell.swift in Sources */,
				28EE235A1BDF1F83009161AE /* SpringTextField.swift in Sources */,
				CEAA8FAA1BCEFD9700004349 /* EditProfileTableViewController.swift in Sources */,
				28EE234C1BDF1F83009161AE /* DesignableTextView.swift in Sources */,
				CE8BE8FE1BB23FFE00BBEC24 /* ProfileViewController.swift in Sources */,
				28EE236C1BDF1FF9009161AE /* AnimationController.swift in Sources */,
				28EE234E1BDF1F83009161AE /* ImageLoader.swift in Sources */,
				CEA8EA321B854B7F00DC2AA5 /* HomeViewController.swift in Sources */,
				28EE23501BDF1F83009161AE /* KeyboardLayoutConstraint.swift in Sources */,
				28EE23551BDF1F83009161AE /* Spring.swift in Sources */,
				28EE23581BDF1F83009161AE /* SpringImageView.swift in Sources */,
				28EE23451BDF1F83009161AE /* AutoTextView.swift in Sources */,
				28EE23531BDF1F83009161AE /* Misc.swift in Sources */,
				28EE235B1BDF1F83009161AE /* SpringTextView.swift in Sources */,
				CEC1E7441BD7515F00203E41 /* KlusterViewController.swift in Sources */,
				CED448A21BA5153800F11808 /* KlusterCollectionViewCell.swift in Sources */,
				CEC88F171BB45C10009BE41C /* MenuController.swift in Sources */,
				28EE23441BDF1F83009161AE /* AsyncImageView.swift in Sources */,
				28EE23431BDF1F83009161AE /* AsyncButton.swift in Sources */,
				28EE235F1BDF1F83009161AE /* UnwindSegue.swift in Sources */,
				28EE236E1BDF1FF9009161AE /* ImageCollectionViewCell.swift in Sources */,
				28EE235E1BDF1F83009161AE /* TransitionZoom.swift in Sources */,
				CE0413521BD88CEB00BED627 /* MessagesTableViewController.swift in Sources */,
				28EE23481BDF1F83009161AE /* DesignableImageView.swift in Sources */,
				28EE23751BDF1FF9009161AE /* PreviewSupplementaryView.swift in Sources */,
				28EE23471BDF1F83009161AE /* DesignableButton.swift in Sources */,
				28EE23591BDF1F83009161AE /* SpringLabel.swift in Sources */,
				28EE23571BDF1F83009161AE /* SpringButton.swift in Sources */,
				CE0F3C541BD729D20012B7D7 /* KlusterHeaderView.swift in Sources */,
				28EE23491BDF1F83009161AE /* DesignableLabel.swift in Sources */,
				CE14D6551BD809A100FC06F4 /* CAPSPageMenu.swift in Sources */,
			);
			runOnlyForDeploymentPostprocessing = 0;
		};
		CEA8EA1D1B854B2100DC2AA5 /* Sources */ = {
			isa = PBXSourcesBuildPhase;
			buildActionMask = 2147483647;
			files = (
				CEA8EA281B854B2100DC2AA5 /* ClusterTests.swift in Sources */,
			);
			runOnlyForDeploymentPostprocessing = 0;
		};
/* End PBXSourcesBuildPhase section */

/* Begin PBXTargetDependency section */
		CEA8EA231B854B2100DC2AA5 /* PBXTargetDependency */ = {
			isa = PBXTargetDependency;
			target = CEA8EA0B1B854B2100DC2AA5 /* Cluster */;
			targetProxy = CEA8EA221B854B2100DC2AA5 /* PBXContainerItemProxy */;
		};
/* End PBXTargetDependency section */

/* Begin PBXVariantGroup section */
		CEA8EA151B854B2100DC2AA5 /* Main.storyboard */ = {
			isa = PBXVariantGroup;
			children = (
				CEA8EA161B854B2100DC2AA5 /* Base */,
			);
			name = Main.storyboard;
			sourceTree = "<group>";
		};
		CEA8EA1A1B854B2100DC2AA5 /* LaunchScreen.xib */ = {
			isa = PBXVariantGroup;
			children = (
				CEA8EA1B1B854B2100DC2AA5 /* Base */,
			);
			name = LaunchScreen.xib;
			sourceTree = "<group>";
		};
/* End PBXVariantGroup section */

/* Begin XCBuildConfiguration section */
		CEA8EA291B854B2100DC2AA5 /* Debug */ = {
			isa = XCBuildConfiguration;
			buildSettings = {
				ALWAYS_SEARCH_USER_PATHS = NO;
				CLANG_CXX_LANGUAGE_STANDARD = "gnu++0x";
				CLANG_CXX_LIBRARY = "libc++";
				CLANG_ENABLE_MODULES = YES;
				CLANG_ENABLE_OBJC_ARC = YES;
				CLANG_WARN_BOOL_CONVERSION = YES;
				CLANG_WARN_CONSTANT_CONVERSION = YES;
				CLANG_WARN_DIRECT_OBJC_ISA_USAGE = YES_ERROR;
				CLANG_WARN_EMPTY_BODY = YES;
				CLANG_WARN_ENUM_CONVERSION = YES;
				CLANG_WARN_INT_CONVERSION = YES;
				CLANG_WARN_OBJC_ROOT_CLASS = YES_ERROR;
				CLANG_WARN_UNREACHABLE_CODE = YES;
				CLANG_WARN__DUPLICATE_METHOD_MATCH = YES;
				"CODE_SIGN_IDENTITY[sdk=iphoneos*]" = "iPhone Developer";
				COPY_PHASE_STRIP = NO;
				DEBUG_INFORMATION_FORMAT = "dwarf-with-dsym";
				ENABLE_STRICT_OBJC_MSGSEND = YES;
				GCC_C_LANGUAGE_STANDARD = gnu99;
				GCC_DYNAMIC_NO_PIC = NO;
				GCC_NO_COMMON_BLOCKS = YES;
				GCC_OPTIMIZATION_LEVEL = 0;
				GCC_PREPROCESSOR_DEFINITIONS = (
					"DEBUG=1",
					"$(inherited)",
				);
				GCC_SYMBOLS_PRIVATE_EXTERN = NO;
				GCC_WARN_64_TO_32_BIT_CONVERSION = YES;
				GCC_WARN_ABOUT_RETURN_TYPE = YES_ERROR;
				GCC_WARN_UNDECLARED_SELECTOR = YES;
				GCC_WARN_UNINITIALIZED_AUTOS = YES_AGGRESSIVE;
				GCC_WARN_UNUSED_FUNCTION = YES;
				GCC_WARN_UNUSED_VARIABLE = YES;
				IPHONEOS_DEPLOYMENT_TARGET = 8.4;
				MTL_ENABLE_DEBUG_INFO = YES;
				ONLY_ACTIVE_ARCH = YES;
				SDKROOT = iphoneos;
				SWIFT_OPTIMIZATION_LEVEL = "-Onone";
			};
			name = Debug;
		};
		CEA8EA2A1B854B2100DC2AA5 /* Release */ = {
			isa = XCBuildConfiguration;
			buildSettings = {
				ALWAYS_SEARCH_USER_PATHS = NO;
				CLANG_CXX_LANGUAGE_STANDARD = "gnu++0x";
				CLANG_CXX_LIBRARY = "libc++";
				CLANG_ENABLE_MODULES = YES;
				CLANG_ENABLE_OBJC_ARC = YES;
				CLANG_WARN_BOOL_CONVERSION = YES;
				CLANG_WARN_CONSTANT_CONVERSION = YES;
				CLANG_WARN_DIRECT_OBJC_ISA_USAGE = YES_ERROR;
				CLANG_WARN_EMPTY_BODY = YES;
				CLANG_WARN_ENUM_CONVERSION = YES;
				CLANG_WARN_INT_CONVERSION = YES;
				CLANG_WARN_OBJC_ROOT_CLASS = YES_ERROR;
				CLANG_WARN_UNREACHABLE_CODE = YES;
				CLANG_WARN__DUPLICATE_METHOD_MATCH = YES;
				"CODE_SIGN_IDENTITY[sdk=iphoneos*]" = "iPhone Developer";
				COPY_PHASE_STRIP = NO;
				DEBUG_INFORMATION_FORMAT = "dwarf-with-dsym";
				ENABLE_NS_ASSERTIONS = NO;
				ENABLE_STRICT_OBJC_MSGSEND = YES;
				GCC_C_LANGUAGE_STANDARD = gnu99;
				GCC_NO_COMMON_BLOCKS = YES;
				GCC_WARN_64_TO_32_BIT_CONVERSION = YES;
				GCC_WARN_ABOUT_RETURN_TYPE = YES_ERROR;
				GCC_WARN_UNDECLARED_SELECTOR = YES;
				GCC_WARN_UNINITIALIZED_AUTOS = YES_AGGRESSIVE;
				GCC_WARN_UNUSED_FUNCTION = YES;
				GCC_WARN_UNUSED_VARIABLE = YES;
				IPHONEOS_DEPLOYMENT_TARGET = 8.4;
				MTL_ENABLE_DEBUG_INFO = NO;
				SDKROOT = iphoneos;
				VALIDATE_PRODUCT = YES;
			};
			name = Release;
		};
		CEA8EA2C1B854B2100DC2AA5 /* Debug */ = {
			isa = XCBuildConfiguration;
			baseConfigurationReference = 3546CD1362BCE0677D077A57 /* Pods.debug.xcconfig */;
			buildSettings = {
				ASSETCATALOG_COMPILER_APPICON_NAME = AppIcon;
				CLANG_ENABLE_MODULES = YES;
				INFOPLIST_FILE = Cluster/Info.plist;
				LD_RUNPATH_SEARCH_PATHS = "$(inherited) @executable_path/Frameworks";
				PRODUCT_NAME = "$(TARGET_NAME)";
				SWIFT_OBJC_BRIDGING_HEADER = "Cluster/Cluster-Bridging-Header.h";
				SWIFT_OPTIMIZATION_LEVEL = "-Onone";
			};
			name = Debug;
		};
		CEA8EA2D1B854B2100DC2AA5 /* Release */ = {
			isa = XCBuildConfiguration;
			baseConfigurationReference = BF30D58564BAC072F96024A4 /* Pods.release.xcconfig */;
			buildSettings = {
				ASSETCATALOG_COMPILER_APPICON_NAME = AppIcon;
				CLANG_ENABLE_MODULES = YES;
				INFOPLIST_FILE = Cluster/Info.plist;
				LD_RUNPATH_SEARCH_PATHS = "$(inherited) @executable_path/Frameworks";
				PRODUCT_NAME = "$(TARGET_NAME)";
				SWIFT_OBJC_BRIDGING_HEADER = "Cluster/Cluster-Bridging-Header.h";
			};
			name = Release;
		};
		CEA8EA2F1B854B2100DC2AA5 /* Debug */ = {
			isa = XCBuildConfiguration;
			buildSettings = {
				BUNDLE_LOADER = "$(TEST_HOST)";
				FRAMEWORK_SEARCH_PATHS = (
					"$(SDKROOT)/Developer/Library/Frameworks",
					"$(inherited)",
				);
				GCC_PREPROCESSOR_DEFINITIONS = (
					"DEBUG=1",
					"$(inherited)",
				);
				INFOPLIST_FILE = ClusterTests/Info.plist;
				LD_RUNPATH_SEARCH_PATHS = "$(inherited) @executable_path/Frameworks @loader_path/Frameworks";
				PRODUCT_NAME = "$(TARGET_NAME)";
				TEST_HOST = "$(BUILT_PRODUCTS_DIR)/Cluster.app/Cluster";
			};
			name = Debug;
		};
		CEA8EA301B854B2100DC2AA5 /* Release */ = {
			isa = XCBuildConfiguration;
			buildSettings = {
				BUNDLE_LOADER = "$(TEST_HOST)";
				FRAMEWORK_SEARCH_PATHS = (
					"$(SDKROOT)/Developer/Library/Frameworks",
					"$(inherited)",
				);
				INFOPLIST_FILE = ClusterTests/Info.plist;
				LD_RUNPATH_SEARCH_PATHS = "$(inherited) @executable_path/Frameworks @loader_path/Frameworks";
				PRODUCT_NAME = "$(TARGET_NAME)";
				TEST_HOST = "$(BUILT_PRODUCTS_DIR)/Cluster.app/Cluster";
			};
			name = Release;
		};
/* End XCBuildConfiguration section */

/* Begin XCConfigurationList section */
		CEA8EA071B854B2100DC2AA5 /* Build configuration list for PBXProject "Cluster" */ = {
			isa = XCConfigurationList;
			buildConfigurations = (
				CEA8EA291B854B2100DC2AA5 /* Debug */,
				CEA8EA2A1B854B2100DC2AA5 /* Release */,
			);
			defaultConfigurationIsVisible = 0;
			defaultConfigurationName = Release;
		};
		CEA8EA2B1B854B2100DC2AA5 /* Build configuration list for PBXNativeTarget "Cluster" */ = {
			isa = XCConfigurationList;
			buildConfigurations = (
				CEA8EA2C1B854B2100DC2AA5 /* Debug */,
				CEA8EA2D1B854B2100DC2AA5 /* Release */,
			);
			defaultConfigurationIsVisible = 0;
			defaultConfigurationName = Release;
		};
		CEA8EA2E1B854B2100DC2AA5 /* Build configuration list for PBXNativeTarget "ClusterTests" */ = {
			isa = XCConfigurationList;
			buildConfigurations = (
				CEA8EA2F1B854B2100DC2AA5 /* Debug */,
				CEA8EA301B854B2100DC2AA5 /* Release */,
			);
			defaultConfigurationIsVisible = 0;
			defaultConfigurationName = Release;
		};
/* End XCConfigurationList section */
	};
	rootObject = CEA8EA041B854B2100DC2AA5 /* Project object */;
}
