// !$*UTF8*$!
{
	archiveVersion = 1;
	classes = {
	};
	objectVersion = 46;
	objects = {

/* Begin PBXBuildFile section */
		283E05691C0E1302001220D3 /* MyKlusterViewController.swift in Sources */ = {isa = PBXBuildFile; fileRef = 283E05681C0E1302001220D3 /* MyKlusterViewController.swift */; };
		286563F21C0E8B6E00C21668 /* MyKlusterTableViewCell.swift in Sources */ = {isa = PBXBuildFile; fileRef = 286563F11C0E8B6E00C21668 /* MyKlusterTableViewCell.swift */; };
		287147851BFAEFB6007FDB36 /* NotificationsViewController.swift in Sources */ = {isa = PBXBuildFile; fileRef = 287147841BFAEFB6007FDB36 /* NotificationsViewController.swift */; };
		287147871BFAF00E007FDB36 /* NotificationsTableViewCell.swift in Sources */ = {isa = PBXBuildFile; fileRef = 287147861BFAF00E007FDB36 /* NotificationsTableViewCell.swift */; };
		28ADC5C81BF9385B001599D5 /* KlusterInviteTableViewCell.swift in Sources */ = {isa = PBXBuildFile; fileRef = 28ADC5C71BF9385B001599D5 /* KlusterInviteTableViewCell.swift */; };
		28EE236C1BDF1FF9009161AE /* AnimationController.swift in Sources */ = {isa = PBXBuildFile; fileRef = 28EE23611BDF1FF9009161AE /* AnimationController.swift */; };
		28EE236D1BDF1FF9009161AE /* ImageAction.swift in Sources */ = {isa = PBXBuildFile; fileRef = 28EE23621BDF1FF9009161AE /* ImageAction.swift */; };
		28EE236E1BDF1FF9009161AE /* ImageCollectionViewCell.swift in Sources */ = {isa = PBXBuildFile; fileRef = 28EE23631BDF1FF9009161AE /* ImageCollectionViewCell.swift */; };
		28EE236F1BDF1FF9009161AE /* ImagePickerCollectionView.swift in Sources */ = {isa = PBXBuildFile; fileRef = 28EE23641BDF1FF9009161AE /* ImagePickerCollectionView.swift */; };
		28EE23701BDF1FF9009161AE /* ImagePickerSheetController.swift in Sources */ = {isa = PBXBuildFile; fileRef = 28EE23661BDF1FF9009161AE /* ImagePickerSheetController.swift */; };
		28EE23711BDF1FF9009161AE /* ImagePreviewFlowLayout.swift in Sources */ = {isa = PBXBuildFile; fileRef = 28EE23671BDF1FF9009161AE /* ImagePreviewFlowLayout.swift */; };
		28EE23721BDF1FF9009161AE /* ImagePreviewTableViewCell.swift in Sources */ = {isa = PBXBuildFile; fileRef = 28EE23681BDF1FF9009161AE /* ImagePreviewTableViewCell.swift */; };
		28EE23731BDF1FF9009161AE /* Images.xcassets in Resources */ = {isa = PBXBuildFile; fileRef = 28EE23691BDF1FF9009161AE /* Images.xcassets */; };
		28EE23741BDF1FF9009161AE /* Info.plist in Resources */ = {isa = PBXBuildFile; fileRef = 28EE236A1BDF1FF9009161AE /* Info.plist */; };
		28EE23751BDF1FF9009161AE /* PreviewSupplementaryView.swift in Sources */ = {isa = PBXBuildFile; fileRef = 28EE236B1BDF1FF9009161AE /* PreviewSupplementaryView.swift */; };
		657F9F0EF69C027F32DCE679 /* Pods_Cluster.framework in Frameworks */ = {isa = PBXBuildFile; fileRef = E2C9AAE42CC4342FDCB5F76A /* Pods_Cluster.framework */; };
		9D2EFA3D1BF6257000D91812 /* KlusterDataSource.swift in Sources */ = {isa = PBXBuildFile; fileRef = 9D2EFA3C1BF6257000D91812 /* KlusterDataSource.swift */; };
		9D2EFA3F1BF6344E00D91812 /* KlusterImageResizer.swift in Sources */ = {isa = PBXBuildFile; fileRef = 9D2EFA3E1BF6344E00D91812 /* KlusterImageResizer.swift */; };
		9D2EFA411BF6534400D91812 /* KlusterSearchController.swift in Sources */ = {isa = PBXBuildFile; fileRef = 9D2EFA401BF6534400D91812 /* KlusterSearchController.swift */; };
		9D63BB541C8DBD220094F5A2 /* MessagesNavigationController.swift in Sources */ = {isa = PBXBuildFile; fileRef = 9D63BB531C8DBD220094F5A2 /* MessagesNavigationController.swift */; };
		9D63BB561C8DD0570094F5A2 /* PopoverHeaderView.swift in Sources */ = {isa = PBXBuildFile; fileRef = 9D63BB551C8DD0570094F5A2 /* PopoverHeaderView.swift */; };
		9D7097251C987AB600DF5C8E /* Invite.swift in Sources */ = {isa = PBXBuildFile; fileRef = 9D7097241C987AB600DF5C8E /* Invite.swift */; };
		9D7CC5AB1C7E7958002D21D0 /* MessageTextView.swift in Sources */ = {isa = PBXBuildFile; fileRef = 9D7CC5AA1C7E7958002D21D0 /* MessageTextView.swift */; };
		9D7CC5AD1C7E8EFB002D21D0 /* Message.swift in Sources */ = {isa = PBXBuildFile; fileRef = 9D7CC5AC1C7E8EFB002D21D0 /* Message.swift */; };
		9D807F7F1C90834600FA5768 /* BLMultiColorLoader.m in Sources */ = {isa = PBXBuildFile; fileRef = 9D807F7E1C90834600FA5768 /* BLMultiColorLoader.m */; };
		9D807F811C90B08D00FA5768 /* LocationStore.swift in Sources */ = {isa = PBXBuildFile; fileRef = 9D807F801C90B08D00FA5768 /* LocationStore.swift */; };
		9D807F831C90FAC300FA5768 /* KlusterInviteViewController.swift in Sources */ = {isa = PBXBuildFile; fileRef = 9D807F821C90FAC300FA5768 /* KlusterInviteViewController.swift */; };
		9DAF9F871C87A3A2000B8586 /* ProfileNameView.swift in Sources */ = {isa = PBXBuildFile; fileRef = 9DAF9F861C87A3A2000B8586 /* ProfileNameView.swift */; };
		9DAF9F8C1C89E022000B8586 /* CAPSPageMenu.swift in Sources */ = {isa = PBXBuildFile; fileRef = 9DAF9F8B1C89E022000B8586 /* CAPSPageMenu.swift */; };
		9DAF9F8E1C89E7A4000B8586 /* Profile.storyboard in Resources */ = {isa = PBXBuildFile; fileRef = 9DAF9F8D1C89E7A4000B8586 /* Profile.storyboard */; };
		9DAF9F911C89FC2B000B8586 /* UIColor+KlusterColors.swift in Sources */ = {isa = PBXBuildFile; fileRef = 9DAF9F901C89FC2B000B8586 /* UIColor+KlusterColors.swift */; };
		9DAF9F971C8B51BF000B8586 /* PopoverMenuController.swift in Sources */ = {isa = PBXBuildFile; fileRef = 9DAF9F961C8B51BF000B8586 /* PopoverMenuController.swift */; };
		9DB9900C1C8009B400837993 /* MessagesTableViewController.swift in Sources */ = {isa = PBXBuildFile; fileRef = 9DB9900B1C8009B400837993 /* MessagesTableViewController.swift */; };
		9DB9900E1C800A4E00837993 /* Map.storyboard in Resources */ = {isa = PBXBuildFile; fileRef = 9DB9900D1C800A4E00837993 /* Map.storyboard */; };
		9DB990131C800B9000837993 /* LocationSelectViewController.swift in Sources */ = {isa = PBXBuildFile; fileRef = 9DB990121C800B9000837993 /* LocationSelectViewController.swift */; };
		9DB990151C800FA000837993 /* MapKit.framework in Frameworks */ = {isa = PBXBuildFile; fileRef = 9DB990141C800FA000837993 /* MapKit.framework */; };
		9DBA246E1BE14A14005D6AD6 /* MessageTableViewCell.swift in Sources */ = {isa = PBXBuildFile; fileRef = 9DBA246D1BE14A14005D6AD6 /* MessageTableViewCell.swift */; };
		9DBA24701BE152F3005D6AD6 /* MembersTableViewCell.swift in Sources */ = {isa = PBXBuildFile; fileRef = 9DBA246F1BE152F3005D6AD6 /* MembersTableViewCell.swift */; };
		9DBA24721BE2B26D005D6AD6 /* LoginViewController.swift in Sources */ = {isa = PBXBuildFile; fileRef = 9DBA24711BE2B26D005D6AD6 /* LoginViewController.swift */; };
		9DBA24741BE2B2D2005D6AD6 /* Login.storyboard in Resources */ = {isa = PBXBuildFile; fileRef = 9DBA24731BE2B2D2005D6AD6 /* Login.storyboard */; };
		9DFB7D621C86211C00EF3E62 /* KlusterStore.swift in Sources */ = {isa = PBXBuildFile; fileRef = 9DFB7D611C86211C00EF3E62 /* KlusterStore.swift */; };
		CE0413501BD88B8300BED627 /* MembersTableViewController.swift in Sources */ = {isa = PBXBuildFile; fileRef = CE04134F1BD88B8300BED627 /* MembersTableViewController.swift */; };
		CE0F3C541BD729D20012B7D7 /* KlusterHeaderView.swift in Sources */ = {isa = PBXBuildFile; fileRef = CE0F3C531BD729D20012B7D7 /* KlusterHeaderView.swift */; };
		CE89911D1B8A614B00B2B6BC /* AudioToolbox.framework in Frameworks */ = {isa = PBXBuildFile; fileRef = CE89911C1B8A614B00B2B6BC /* AudioToolbox.framework */; };
		CE89911F1B8A615300B2B6BC /* CFNetwork.framework in Frameworks */ = {isa = PBXBuildFile; fileRef = CE89911E1B8A615300B2B6BC /* CFNetwork.framework */; };
		CE8991211B8A615A00B2B6BC /* CoreGraphics.framework in Frameworks */ = {isa = PBXBuildFile; fileRef = CE8991201B8A615A00B2B6BC /* CoreGraphics.framework */; };
		CE8991231B8A616000B2B6BC /* CoreLocation.framework in Frameworks */ = {isa = PBXBuildFile; fileRef = CE8991221B8A616000B2B6BC /* CoreLocation.framework */; };
		CE8991251B8A616B00B2B6BC /* libz.dylib in Frameworks */ = {isa = PBXBuildFile; fileRef = CE8991241B8A616B00B2B6BC /* libz.dylib */; };
		CE8991271B8A617600B2B6BC /* MobileCoreServices.framework in Frameworks */ = {isa = PBXBuildFile; fileRef = CE8991261B8A617600B2B6BC /* MobileCoreServices.framework */; };
		CE8991291B8A618000B2B6BC /* QuartzCore.framework in Frameworks */ = {isa = PBXBuildFile; fileRef = CE8991281B8A618000B2B6BC /* QuartzCore.framework */; };
		CE89912B1B8A618700B2B6BC /* Security.framework in Frameworks */ = {isa = PBXBuildFile; fileRef = CE89912A1B8A618700B2B6BC /* Security.framework */; };
		CE89912D1B8A618E00B2B6BC /* StoreKit.framework in Frameworks */ = {isa = PBXBuildFile; fileRef = CE89912C1B8A618E00B2B6BC /* StoreKit.framework */; };
		CE89912F1B8A619900B2B6BC /* SystemConfiguration.framework in Frameworks */ = {isa = PBXBuildFile; fileRef = CE89912E1B8A619900B2B6BC /* SystemConfiguration.framework */; };
		CE8991311B8A61A200B2B6BC /* libsqlite3.dylib in Frameworks */ = {isa = PBXBuildFile; fileRef = CE8991301B8A61A200B2B6BC /* libsqlite3.dylib */; };
		CE8BE8FE1BB23FFE00BBEC24 /* ProfileViewController.swift in Sources */ = {isa = PBXBuildFile; fileRef = CE8BE8FD1BB23FFE00BBEC24 /* ProfileViewController.swift */; };
		CE9A30C01BAE074300BC79FE /* BondoluoPeek.ttf in Resources */ = {isa = PBXBuildFile; fileRef = CE9A30BF1BAE073C00BC79FE /* BondoluoPeek.ttf */; };
		CEA8EA121B854B2100DC2AA5 /* AppDelegate.swift in Sources */ = {isa = PBXBuildFile; fileRef = CEA8EA111B854B2100DC2AA5 /* AppDelegate.swift */; };
		CEA8EA171B854B2100DC2AA5 /* Main.storyboard in Resources */ = {isa = PBXBuildFile; fileRef = CEA8EA151B854B2100DC2AA5 /* Main.storyboard */; };
		CEA8EA191B854B2100DC2AA5 /* Images.xcassets in Resources */ = {isa = PBXBuildFile; fileRef = CEA8EA181B854B2100DC2AA5 /* Images.xcassets */; };
		CEA8EA1C1B854B2100DC2AA5 /* LaunchScreen.xib in Resources */ = {isa = PBXBuildFile; fileRef = CEA8EA1A1B854B2100DC2AA5 /* LaunchScreen.xib */; };
		CEA8EA281B854B2100DC2AA5 /* ClusterTests.swift in Sources */ = {isa = PBXBuildFile; fileRef = CEA8EA271B854B2100DC2AA5 /* ClusterTests.swift */; };
		CEA8EA321B854B7F00DC2AA5 /* HomeViewController.swift in Sources */ = {isa = PBXBuildFile; fileRef = CEA8EA311B854B7F00DC2AA5 /* HomeViewController.swift */; };
		CEAA8FAA1BCEFD9700004349 /* EditProfileTableViewController.swift in Sources */ = {isa = PBXBuildFile; fileRef = CEAA8FA91BCEFD9700004349 /* EditProfileTableViewController.swift */; };
		CEC1E7441BD7515F00203E41 /* KlusterViewController.swift in Sources */ = {isa = PBXBuildFile; fileRef = CEC1E7431BD7515F00203E41 /* KlusterViewController.swift */; };
		CEC88F171BB45C10009BE41C /* MenuController.swift in Sources */ = {isa = PBXBuildFile; fileRef = CEC88F161BB45C10009BE41C /* MenuController.swift */; };
		CED4489D1BA5111900F11808 /* Kluster.swift in Sources */ = {isa = PBXBuildFile; fileRef = CED4489C1BA5111900F11808 /* Kluster.swift */; };
		CED448A21BA5153800F11808 /* KlusterCollectionViewCell.swift in Sources */ = {isa = PBXBuildFile; fileRef = CED448A11BA5153800F11808 /* KlusterCollectionViewCell.swift */; };
		CEFEBF4A1BDC9CB500E4070D /* NewKlusterViewController.swift in Sources */ = {isa = PBXBuildFile; fileRef = CEFEBF491BDC9CB500E4070D /* NewKlusterViewController.swift */; };
		D7A3DAB91E7A09DB003FCA19 /* UITextView+Placeholder.h in Resources */ = {isa = PBXBuildFile; fileRef = D7A3DAB81E7A09DB003FCA19 /* UITextView+Placeholder.h */; };
		D7A3DABB1E7A09F2003FCA19 /* UIScrollView+EmptyDataSet.h in Resources */ = {isa = PBXBuildFile; fileRef = D7A3DABA1E7A09F2003FCA19 /* UIScrollView+EmptyDataSet.h */; };
/* End PBXBuildFile section */

/* Begin PBXContainerItemProxy section */
		CEA8EA221B854B2100DC2AA5 /* PBXContainerItemProxy */ = {
			isa = PBXContainerItemProxy;
			containerPortal = CEA8EA041B854B2100DC2AA5 /* Project object */;
			proxyType = 1;
			remoteGlobalIDString = CEA8EA0B1B854B2100DC2AA5;
			remoteInfo = Cluster;
		};
/* End PBXContainerItemProxy section */

/* Begin PBXFileReference section */
		100E87F1E583E97923A826F1 /* Pods-Cluster.debug.xcconfig */ = {isa = PBXFileReference; includeInIndex = 1; lastKnownFileType = text.xcconfig; name = "Pods-Cluster.debug.xcconfig"; path = "Pods/Target Support Files/Pods-Cluster/Pods-Cluster.debug.xcconfig"; sourceTree = "<group>"; };
		283E05681C0E1302001220D3 /* MyKlusterViewController.swift */ = {isa = PBXFileReference; fileEncoding = 4; lastKnownFileType = sourcecode.swift; path = MyKlusterViewController.swift; sourceTree = "<group>"; };
		286563F11C0E8B6E00C21668 /* MyKlusterTableViewCell.swift */ = {isa = PBXFileReference; fileEncoding = 4; lastKnownFileType = sourcecode.swift; path = MyKlusterTableViewCell.swift; sourceTree = "<group>"; };
		287147841BFAEFB6007FDB36 /* NotificationsViewController.swift */ = {isa = PBXFileReference; fileEncoding = 4; lastKnownFileType = sourcecode.swift; path = NotificationsViewController.swift; sourceTree = "<group>"; };
		287147861BFAF00E007FDB36 /* NotificationsTableViewCell.swift */ = {isa = PBXFileReference; fileEncoding = 4; lastKnownFileType = sourcecode.swift; path = NotificationsTableViewCell.swift; sourceTree = "<group>"; };
		28ADC5C71BF9385B001599D5 /* KlusterInviteTableViewCell.swift */ = {isa = PBXFileReference; fileEncoding = 4; lastKnownFileType = sourcecode.swift; path = KlusterInviteTableViewCell.swift; sourceTree = "<group>"; };
		28EE23611BDF1FF9009161AE /* AnimationController.swift */ = {isa = PBXFileReference; fileEncoding = 4; lastKnownFileType = sourcecode.swift; path = AnimationController.swift; sourceTree = "<group>"; };
		28EE23621BDF1FF9009161AE /* ImageAction.swift */ = {isa = PBXFileReference; fileEncoding = 4; lastKnownFileType = sourcecode.swift; path = ImageAction.swift; sourceTree = "<group>"; };
		28EE23631BDF1FF9009161AE /* ImageCollectionViewCell.swift */ = {isa = PBXFileReference; fileEncoding = 4; lastKnownFileType = sourcecode.swift; path = ImageCollectionViewCell.swift; sourceTree = "<group>"; };
		28EE23641BDF1FF9009161AE /* ImagePickerCollectionView.swift */ = {isa = PBXFileReference; fileEncoding = 4; lastKnownFileType = sourcecode.swift; path = ImagePickerCollectionView.swift; sourceTree = "<group>"; };
		28EE23651BDF1FF9009161AE /* ImagePickerSheetController.h */ = {isa = PBXFileReference; fileEncoding = 4; lastKnownFileType = sourcecode.c.h; path = ImagePickerSheetController.h; sourceTree = "<group>"; };
		28EE23661BDF1FF9009161AE /* ImagePickerSheetController.swift */ = {isa = PBXFileReference; fileEncoding = 4; lastKnownFileType = sourcecode.swift; path = ImagePickerSheetController.swift; sourceTree = "<group>"; };
		28EE23671BDF1FF9009161AE /* ImagePreviewFlowLayout.swift */ = {isa = PBXFileReference; fileEncoding = 4; lastKnownFileType = sourcecode.swift; path = ImagePreviewFlowLayout.swift; sourceTree = "<group>"; };
		28EE23681BDF1FF9009161AE /* ImagePreviewTableViewCell.swift */ = {isa = PBXFileReference; fileEncoding = 4; lastKnownFileType = sourcecode.swift; path = ImagePreviewTableViewCell.swift; sourceTree = "<group>"; };
		28EE23691BDF1FF9009161AE /* Images.xcassets */ = {isa = PBXFileReference; lastKnownFileType = folder.assetcatalog; path = Images.xcassets; sourceTree = "<group>"; };
		28EE236A1BDF1FF9009161AE /* Info.plist */ = {isa = PBXFileReference; fileEncoding = 4; lastKnownFileType = text.plist.xml; path = Info.plist; sourceTree = "<group>"; };
		28EE236B1BDF1FF9009161AE /* PreviewSupplementaryView.swift */ = {isa = PBXFileReference; fileEncoding = 4; lastKnownFileType = sourcecode.swift; path = PreviewSupplementaryView.swift; sourceTree = "<group>"; };
		5198169654C36934A0B3D2E2 /* Pods-Cluster.release.xcconfig */ = {isa = PBXFileReference; includeInIndex = 1; lastKnownFileType = text.xcconfig; name = "Pods-Cluster.release.xcconfig"; path = "Pods/Target Support Files/Pods-Cluster/Pods-Cluster.release.xcconfig"; sourceTree = "<group>"; };
		9D2EFA3C1BF6257000D91812 /* KlusterDataSource.swift */ = {isa = PBXFileReference; fileEncoding = 4; lastKnownFileType = sourcecode.swift; path = KlusterDataSource.swift; sourceTree = "<group>"; };
		9D2EFA3E1BF6344E00D91812 /* KlusterImageResizer.swift */ = {isa = PBXFileReference; fileEncoding = 4; lastKnownFileType = sourcecode.swift; path = KlusterImageResizer.swift; sourceTree = "<group>"; };
		9D2EFA401BF6534400D91812 /* KlusterSearchController.swift */ = {isa = PBXFileReference; fileEncoding = 4; lastKnownFileType = sourcecode.swift; path = KlusterSearchController.swift; sourceTree = "<group>"; };
		9D63BB531C8DBD220094F5A2 /* MessagesNavigationController.swift */ = {isa = PBXFileReference; fileEncoding = 4; lastKnownFileType = sourcecode.swift; path = MessagesNavigationController.swift; sourceTree = "<group>"; };
		9D63BB551C8DD0570094F5A2 /* PopoverHeaderView.swift */ = {isa = PBXFileReference; fileEncoding = 4; lastKnownFileType = sourcecode.swift; path = PopoverHeaderView.swift; sourceTree = "<group>"; };
		9D7097241C987AB600DF5C8E /* Invite.swift */ = {isa = PBXFileReference; fileEncoding = 4; lastKnownFileType = sourcecode.swift; path = Invite.swift; sourceTree = "<group>"; };
		9D7CC5AA1C7E7958002D21D0 /* MessageTextView.swift */ = {isa = PBXFileReference; fileEncoding = 4; lastKnownFileType = sourcecode.swift; path = MessageTextView.swift; sourceTree = "<group>"; };
		9D7CC5AC1C7E8EFB002D21D0 /* Message.swift */ = {isa = PBXFileReference; fileEncoding = 4; lastKnownFileType = sourcecode.swift; path = Message.swift; sourceTree = "<group>"; };
		9D807F7D1C90834600FA5768 /* BLMultiColorLoader.h */ = {isa = PBXFileReference; fileEncoding = 4; lastKnownFileType = sourcecode.c.h; path = BLMultiColorLoader.h; sourceTree = "<group>"; };
		9D807F7E1C90834600FA5768 /* BLMultiColorLoader.m */ = {isa = PBXFileReference; fileEncoding = 4; lastKnownFileType = sourcecode.c.objc; path = BLMultiColorLoader.m; sourceTree = "<group>"; };
		9D807F801C90B08D00FA5768 /* LocationStore.swift */ = {isa = PBXFileReference; fileEncoding = 4; lastKnownFileType = sourcecode.swift; path = LocationStore.swift; sourceTree = "<group>"; };
		9D807F821C90FAC300FA5768 /* KlusterInviteViewController.swift */ = {isa = PBXFileReference; fileEncoding = 4; lastKnownFileType = sourcecode.swift; path = KlusterInviteViewController.swift; sourceTree = "<group>"; };
		9DAF9F861C87A3A2000B8586 /* ProfileNameView.swift */ = {isa = PBXFileReference; fileEncoding = 4; lastKnownFileType = sourcecode.swift; path = ProfileNameView.swift; sourceTree = "<group>"; };
		9DAF9F8B1C89E022000B8586 /* CAPSPageMenu.swift */ = {isa = PBXFileReference; fileEncoding = 4; lastKnownFileType = sourcecode.swift; path = CAPSPageMenu.swift; sourceTree = "<group>"; };
		9DAF9F8D1C89E7A4000B8586 /* Profile.storyboard */ = {isa = PBXFileReference; fileEncoding = 4; lastKnownFileType = file.storyboard; path = Profile.storyboard; sourceTree = "<group>"; };
		9DAF9F901C89FC2B000B8586 /* UIColor+KlusterColors.swift */ = {isa = PBXFileReference; fileEncoding = 4; lastKnownFileType = sourcecode.swift; path = "UIColor+KlusterColors.swift"; sourceTree = "<group>"; };
		9DAF9F961C8B51BF000B8586 /* PopoverMenuController.swift */ = {isa = PBXFileReference; fileEncoding = 4; lastKnownFileType = sourcecode.swift; path = PopoverMenuController.swift; sourceTree = "<group>"; };
		9DB9900B1C8009B400837993 /* MessagesTableViewController.swift */ = {isa = PBXFileReference; fileEncoding = 4; lastKnownFileType = sourcecode.swift; path = MessagesTableViewController.swift; sourceTree = "<group>"; };
		9DB9900D1C800A4E00837993 /* Map.storyboard */ = {isa = PBXFileReference; fileEncoding = 4; lastKnownFileType = file.storyboard; path = Map.storyboard; sourceTree = "<group>"; };
		9DB990121C800B9000837993 /* LocationSelectViewController.swift */ = {isa = PBXFileReference; fileEncoding = 4; lastKnownFileType = sourcecode.swift; path = LocationSelectViewController.swift; sourceTree = "<group>"; };
		9DB990141C800FA000837993 /* MapKit.framework */ = {isa = PBXFileReference; lastKnownFileType = wrapper.framework; name = MapKit.framework; path = System/Library/Frameworks/MapKit.framework; sourceTree = SDKROOT; };
		9DBA246D1BE14A14005D6AD6 /* MessageTableViewCell.swift */ = {isa = PBXFileReference; fileEncoding = 4; lastKnownFileType = sourcecode.swift; path = MessageTableViewCell.swift; sourceTree = "<group>"; };
		9DBA246F1BE152F3005D6AD6 /* MembersTableViewCell.swift */ = {isa = PBXFileReference; fileEncoding = 4; lastKnownFileType = sourcecode.swift; path = MembersTableViewCell.swift; sourceTree = "<group>"; };
		9DBA24711BE2B26D005D6AD6 /* LoginViewController.swift */ = {isa = PBXFileReference; fileEncoding = 4; lastKnownFileType = sourcecode.swift; path = LoginViewController.swift; sourceTree = "<group>"; };
		9DBA24731BE2B2D2005D6AD6 /* Login.storyboard */ = {isa = PBXFileReference; fileEncoding = 4; lastKnownFileType = file.storyboard; path = Login.storyboard; sourceTree = "<group>"; };
		9DFB7D611C86211C00EF3E62 /* KlusterStore.swift */ = {isa = PBXFileReference; fileEncoding = 4; lastKnownFileType = sourcecode.swift; path = KlusterStore.swift; sourceTree = "<group>"; };
		CE04134F1BD88B8300BED627 /* MembersTableViewController.swift */ = {isa = PBXFileReference; fileEncoding = 4; lastKnownFileType = sourcecode.swift; path = MembersTableViewController.swift; sourceTree = "<group>"; };
		CE0F3C531BD729D20012B7D7 /* KlusterHeaderView.swift */ = {isa = PBXFileReference; fileEncoding = 4; lastKnownFileType = sourcecode.swift; path = KlusterHeaderView.swift; sourceTree = "<group>"; };
		CE89911C1B8A614B00B2B6BC /* AudioToolbox.framework */ = {isa = PBXFileReference; lastKnownFileType = wrapper.framework; name = AudioToolbox.framework; path = System/Library/Frameworks/AudioToolbox.framework; sourceTree = SDKROOT; };
		CE89911E1B8A615300B2B6BC /* CFNetwork.framework */ = {isa = PBXFileReference; lastKnownFileType = wrapper.framework; name = CFNetwork.framework; path = System/Library/Frameworks/CFNetwork.framework; sourceTree = SDKROOT; };
		CE8991201B8A615A00B2B6BC /* CoreGraphics.framework */ = {isa = PBXFileReference; lastKnownFileType = wrapper.framework; name = CoreGraphics.framework; path = System/Library/Frameworks/CoreGraphics.framework; sourceTree = SDKROOT; };
		CE8991221B8A616000B2B6BC /* CoreLocation.framework */ = {isa = PBXFileReference; lastKnownFileType = wrapper.framework; name = CoreLocation.framework; path = System/Library/Frameworks/CoreLocation.framework; sourceTree = SDKROOT; };
		CE8991241B8A616B00B2B6BC /* libz.dylib */ = {isa = PBXFileReference; lastKnownFileType = "compiled.mach-o.dylib"; name = libz.dylib; path = usr/lib/libz.dylib; sourceTree = SDKROOT; };
		CE8991261B8A617600B2B6BC /* MobileCoreServices.framework */ = {isa = PBXFileReference; lastKnownFileType = wrapper.framework; name = MobileCoreServices.framework; path = System/Library/Frameworks/MobileCoreServices.framework; sourceTree = SDKROOT; };
		CE8991281B8A618000B2B6BC /* QuartzCore.framework */ = {isa = PBXFileReference; lastKnownFileType = wrapper.framework; name = QuartzCore.framework; path = System/Library/Frameworks/QuartzCore.framework; sourceTree = SDKROOT; };
		CE89912A1B8A618700B2B6BC /* Security.framework */ = {isa = PBXFileReference; lastKnownFileType = wrapper.framework; name = Security.framework; path = System/Library/Frameworks/Security.framework; sourceTree = SDKROOT; };
		CE89912C1B8A618E00B2B6BC /* StoreKit.framework */ = {isa = PBXFileReference; lastKnownFileType = wrapper.framework; name = StoreKit.framework; path = System/Library/Frameworks/StoreKit.framework; sourceTree = SDKROOT; };
		CE89912E1B8A619900B2B6BC /* SystemConfiguration.framework */ = {isa = PBXFileReference; lastKnownFileType = wrapper.framework; name = SystemConfiguration.framework; path = System/Library/Frameworks/SystemConfiguration.framework; sourceTree = SDKROOT; };
		CE8991301B8A61A200B2B6BC /* libsqlite3.dylib */ = {isa = PBXFileReference; lastKnownFileType = "compiled.mach-o.dylib"; name = libsqlite3.dylib; path = usr/lib/libsqlite3.dylib; sourceTree = SDKROOT; };
		CE8991321B8A61DF00B2B6BC /* Cluster-Bridging-Header.h */ = {isa = PBXFileReference; lastKnownFileType = sourcecode.c.h; path = "Cluster-Bridging-Header.h"; sourceTree = "<group>"; };
		CE8BE8FD1BB23FFE00BBEC24 /* ProfileViewController.swift */ = {isa = PBXFileReference; fileEncoding = 4; lastKnownFileType = sourcecode.swift; path = ProfileViewController.swift; sourceTree = "<group>"; };
		CE9A30BF1BAE073C00BC79FE /* BondoluoPeek.ttf */ = {isa = PBXFileReference; lastKnownFileType = file; path = BondoluoPeek.ttf; sourceTree = "<group>"; };
		CEA8EA0C1B854B2100DC2AA5 /* Cluster.app */ = {isa = PBXFileReference; explicitFileType = wrapper.application; includeInIndex = 0; path = Cluster.app; sourceTree = BUILT_PRODUCTS_DIR; };
		CEA8EA101B854B2100DC2AA5 /* Info.plist */ = {isa = PBXFileReference; lastKnownFileType = text.plist.xml; path = Info.plist; sourceTree = "<group>"; };
		CEA8EA111B854B2100DC2AA5 /* AppDelegate.swift */ = {isa = PBXFileReference; lastKnownFileType = sourcecode.swift; path = AppDelegate.swift; sourceTree = "<group>"; };
		CEA8EA161B854B2100DC2AA5 /* Base */ = {isa = PBXFileReference; lastKnownFileType = file.storyboard; name = Base; path = Base.lproj/Main.storyboard; sourceTree = "<group>"; };
		CEA8EA181B854B2100DC2AA5 /* Images.xcassets */ = {isa = PBXFileReference; lastKnownFileType = folder.assetcatalog; path = Images.xcassets; sourceTree = "<group>"; };
		CEA8EA1B1B854B2100DC2AA5 /* Base */ = {isa = PBXFileReference; lastKnownFileType = file.xib; name = Base; path = Base.lproj/LaunchScreen.xib; sourceTree = "<group>"; };
		CEA8EA211B854B2100DC2AA5 /* ClusterTests.xctest */ = {isa = PBXFileReference; explicitFileType = wrapper.cfbundle; includeInIndex = 0; path = ClusterTests.xctest; sourceTree = BUILT_PRODUCTS_DIR; };
		CEA8EA261B854B2100DC2AA5 /* Info.plist */ = {isa = PBXFileReference; lastKnownFileType = text.plist.xml; path = Info.plist; sourceTree = "<group>"; };
		CEA8EA271B854B2100DC2AA5 /* ClusterTests.swift */ = {isa = PBXFileReference; lastKnownFileType = sourcecode.swift; path = ClusterTests.swift; sourceTree = "<group>"; };
		CEA8EA311B854B7F00DC2AA5 /* HomeViewController.swift */ = {isa = PBXFileReference; fileEncoding = 4; lastKnownFileType = sourcecode.swift; path = HomeViewController.swift; sourceTree = "<group>"; };
		CEAA8FA91BCEFD9700004349 /* EditProfileTableViewController.swift */ = {isa = PBXFileReference; fileEncoding = 4; lastKnownFileType = sourcecode.swift; path = EditProfileTableViewController.swift; sourceTree = "<group>"; };
		CEC1E7431BD7515F00203E41 /* KlusterViewController.swift */ = {isa = PBXFileReference; fileEncoding = 4; lastKnownFileType = sourcecode.swift; path = KlusterViewController.swift; sourceTree = "<group>"; };
		CEC88F161BB45C10009BE41C /* MenuController.swift */ = {isa = PBXFileReference; fileEncoding = 4; lastKnownFileType = sourcecode.swift; path = MenuController.swift; sourceTree = "<group>"; };
		CED4489C1BA5111900F11808 /* Kluster.swift */ = {isa = PBXFileReference; fileEncoding = 4; lastKnownFileType = sourcecode.swift; path = Kluster.swift; sourceTree = "<group>"; };
		CED448A11BA5153800F11808 /* KlusterCollectionViewCell.swift */ = {isa = PBXFileReference; fileEncoding = 4; lastKnownFileType = sourcecode.swift; path = KlusterCollectionViewCell.swift; sourceTree = "<group>"; };
		CEFEBF491BDC9CB500E4070D /* NewKlusterViewController.swift */ = {isa = PBXFileReference; fileEncoding = 4; lastKnownFileType = sourcecode.swift; path = NewKlusterViewController.swift; sourceTree = "<group>"; };
		D7A3DAB81E7A09DB003FCA19 /* UITextView+Placeholder.h */ = {isa = PBXFileReference; lastKnownFileType = sourcecode.c.h; name = "UITextView+Placeholder.h"; path = "../Pods/UITextView+Placeholder/UITextView+Placeholder/UITextView+Placeholder.h"; sourceTree = "<group>"; };
		D7A3DABA1E7A09F2003FCA19 /* UIScrollView+EmptyDataSet.h */ = {isa = PBXFileReference; lastKnownFileType = sourcecode.c.h; name = "UIScrollView+EmptyDataSet.h"; path = "../Pods/DZNEmptyDataSet/Source/UIScrollView+EmptyDataSet.h"; sourceTree = "<group>"; };
		E2C9AAE42CC4342FDCB5F76A /* Pods_Cluster.framework */ = {isa = PBXFileReference; explicitFileType = wrapper.framework; includeInIndex = 0; path = Pods_Cluster.framework; sourceTree = BUILT_PRODUCTS_DIR; };
/* End PBXFileReference section */

/* Begin PBXFrameworksBuildPhase section */
		CEA8EA091B854B2100DC2AA5 /* Frameworks */ = {
			isa = PBXFrameworksBuildPhase;
			buildActionMask = 2147483647;
			files = (
				9DB990151C800FA000837993 /* MapKit.framework in Frameworks */,
				CE8991231B8A616000B2B6BC /* CoreLocation.framework in Frameworks */,
				CE8991311B8A61A200B2B6BC /* libsqlite3.dylib in Frameworks */,
				CE89912F1B8A619900B2B6BC /* SystemConfiguration.framework in Frameworks */,
				CE89912D1B8A618E00B2B6BC /* StoreKit.framework in Frameworks */,
				CE89912B1B8A618700B2B6BC /* Security.framework in Frameworks */,
				CE8991291B8A618000B2B6BC /* QuartzCore.framework in Frameworks */,
				CE8991271B8A617600B2B6BC /* MobileCoreServices.framework in Frameworks */,
				CE8991251B8A616B00B2B6BC /* libz.dylib in Frameworks */,
				CE8991211B8A615A00B2B6BC /* CoreGraphics.framework in Frameworks */,
				CE89911F1B8A615300B2B6BC /* CFNetwork.framework in Frameworks */,
				CE89911D1B8A614B00B2B6BC /* AudioToolbox.framework in Frameworks */,
				657F9F0EF69C027F32DCE679 /* Pods_Cluster.framework in Frameworks */,
			);
			runOnlyForDeploymentPostprocessing = 0;
		};
		CEA8EA1E1B854B2100DC2AA5 /* Frameworks */ = {
			isa = PBXFrameworksBuildPhase;
			buildActionMask = 2147483647;
			files = (
			);
			runOnlyForDeploymentPostprocessing = 0;
		};
/* End PBXFrameworksBuildPhase section */

/* Begin PBXGroup section */
		28ADC5C31BF93474001599D5 /* New Kluster Screens */ = {
			isa = PBXGroup;
			children = (
				CEFEBF491BDC9CB500E4070D /* NewKlusterViewController.swift */,
				28ADC5C71BF9385B001599D5 /* KlusterInviteTableViewCell.swift */,
			);
			name = "New Kluster Screens";
			sourceTree = "<group>";
		};
		28EE23601BDF1FF9009161AE /* ImagePickerSheet */ = {
			isa = PBXGroup;
			children = (
				28EE23611BDF1FF9009161AE /* AnimationController.swift */,
				28EE23621BDF1FF9009161AE /* ImageAction.swift */,
				28EE23631BDF1FF9009161AE /* ImageCollectionViewCell.swift */,
				28EE23641BDF1FF9009161AE /* ImagePickerCollectionView.swift */,
				28EE23651BDF1FF9009161AE /* ImagePickerSheetController.h */,
				28EE23661BDF1FF9009161AE /* ImagePickerSheetController.swift */,
				28EE23671BDF1FF9009161AE /* ImagePreviewFlowLayout.swift */,
				28EE23681BDF1FF9009161AE /* ImagePreviewTableViewCell.swift */,
				28EE23691BDF1FF9009161AE /* Images.xcassets */,
				28EE236A1BDF1FF9009161AE /* Info.plist */,
				28EE236B1BDF1FF9009161AE /* PreviewSupplementaryView.swift */,
			);
			path = ImagePickerSheet;
			sourceTree = "<group>";
		};
		467D3CC5CFB6D21A0FC7E308 /* Pods */ = {
			isa = PBXGroup;
			children = (
				100E87F1E583E97923A826F1 /* Pods-Cluster.debug.xcconfig */,
				5198169654C36934A0B3D2E2 /* Pods-Cluster.release.xcconfig */,
			);
			name = Pods;
			sourceTree = "<group>";
		};
		9D2EFA421BF65A2B00D91812 /* Models */ = {
			isa = PBXGroup;
			children = (
			);
			name = Models;
			sourceTree = "<group>";
		};
		9D2EFA431BF65A3200D91812 /* Helpers */ = {
			isa = PBXGroup;
			children = (
			);
			name = Helpers;
			sourceTree = "<group>";
		};
		9D807F7C1C9082CD00FA5768 /* BLMultiColorLoader */ = {
			isa = PBXGroup;
			children = (
				9D807F7D1C90834600FA5768 /* BLMultiColorLoader.h */,
				9D807F7E1C90834600FA5768 /* BLMultiColorLoader.m */,
			);
			path = BLMultiColorLoader;
			sourceTree = "<group>";
		};
		9DAF9F8F1C89FB79000B8586 /* Extensions */ = {
			isa = PBXGroup;
			children = (
				9DAF9F901C89FC2B000B8586 /* UIColor+KlusterColors.swift */,
			);
			path = Extensions;
			sourceTree = "<group>";
		};
		9DEFE5D71C73E5F5005B3B1A /* Views */ = {
			isa = PBXGroup;
			children = (
				9D7CC5AA1C7E7958002D21D0 /* MessageTextView.swift */,
				9DAF9F861C87A3A2000B8586 /* ProfileNameView.swift */,
				9D63BB551C8DD0570094F5A2 /* PopoverHeaderView.swift */,
			);
			name = Views;
			sourceTree = "<group>";
		};
		9DEFE5D81C73E5FB005B3B1A /* Controllers */ = {
			isa = PBXGroup;
			children = (
				9D807F821C90FAC300FA5768 /* KlusterInviteViewController.swift */,
			);
			name = Controllers;
			sourceTree = "<group>";
		};
		9DEFE5D91C73E601005B3B1A /* Models */ = {
			isa = PBXGroup;
			children = (
				9D7CC5AC1C7E8EFB002D21D0 /* Message.swift */,
				9DFB7D611C86211C00EF3E62 /* KlusterStore.swift */,
				9D807F801C90B08D00FA5768 /* LocationStore.swift */,
				9D7097241C987AB600DF5C8E /* Invite.swift */,
			);
			name = Models;
			sourceTree = "<group>";
		};
		B7F7862424CD11C144F1CC5E /* Frameworks */ = {
			isa = PBXGroup;
			children = (
				9DB990141C800FA000837993 /* MapKit.framework */,
				CE8991301B8A61A200B2B6BC /* libsqlite3.dylib */,
				CE89912E1B8A619900B2B6BC /* SystemConfiguration.framework */,
				CE89912C1B8A618E00B2B6BC /* StoreKit.framework */,
				CE89912A1B8A618700B2B6BC /* Security.framework */,
				CE8991281B8A618000B2B6BC /* QuartzCore.framework */,
				CE8991261B8A617600B2B6BC /* MobileCoreServices.framework */,
				CE8991241B8A616B00B2B6BC /* libz.dylib */,
				CE8991221B8A616000B2B6BC /* CoreLocation.framework */,
				CE8991201B8A615A00B2B6BC /* CoreGraphics.framework */,
				CE89911E1B8A615300B2B6BC /* CFNetwork.framework */,
				CE89911C1B8A614B00B2B6BC /* AudioToolbox.framework */,
				E2C9AAE42CC4342FDCB5F76A /* Pods_Cluster.framework */,
			);
			name = Frameworks;
			sourceTree = "<group>";
		};
		CE0F3C551BD729DD0012B7D7 /* Kluster Screens */ = {
			isa = PBXGroup;
			children = (
				CE0F3C531BD729D20012B7D7 /* KlusterHeaderView.swift */,
				CEC1E7431BD7515F00203E41 /* KlusterViewController.swift */,
			);
			name = "Kluster Screens";
			sourceTree = "<group>";
		};
		CE8BE8FF1BB2411A00BBEC24 /* Profile Screen */ = {
			isa = PBXGroup;
			children = (
				CE8BE8FD1BB23FFE00BBEC24 /* ProfileViewController.swift */,
				287147841BFAEFB6007FDB36 /* NotificationsViewController.swift */,
				287147861BFAF00E007FDB36 /* NotificationsTableViewCell.swift */,
				CEAA8FA91BCEFD9700004349 /* EditProfileTableViewController.swift */,
				283E05681C0E1302001220D3 /* MyKlusterViewController.swift */,
				286563F11C0E8B6E00C21668 /* MyKlusterTableViewCell.swift */,
			);
			name = "Profile Screen";
			sourceTree = "<group>";
		};
		CEA8EA031B854B2100DC2AA5 = {
			isa = PBXGroup;
			children = (
				CEA8EA0E1B854B2100DC2AA5 /* Cluster */,
				CEA8EA241B854B2100DC2AA5 /* ClusterTests */,
				CEA8EA0D1B854B2100DC2AA5 /* Products */,
				B7F7862424CD11C144F1CC5E /* Frameworks */,
				467D3CC5CFB6D21A0FC7E308 /* Pods */,
			);
			sourceTree = "<group>";
		};
		CEA8EA0D1B854B2100DC2AA5 /* Products */ = {
			isa = PBXGroup;
			children = (
				CEA8EA0C1B854B2100DC2AA5 /* Cluster.app */,
				CEA8EA211B854B2100DC2AA5 /* ClusterTests.xctest */,
			);
			name = Products;
			sourceTree = "<group>";
		};
		CEA8EA0E1B854B2100DC2AA5 /* Cluster */ = {
			isa = PBXGroup;
			children = (
				D7A3DABC1E7A0A00003FCA19 /* UIScrollView+EmptyDataSet */,
				D7A3DAB71E7A09BB003FCA19 /* UITextView+Placeholder */,
				9D807F7C1C9082CD00FA5768 /* BLMultiColorLoader */,
				9DAF9F8F1C89FB79000B8586 /* Extensions */,
				9DAF9F8B1C89E022000B8586 /* CAPSPageMenu.swift */,
				9DB9900B1C8009B400837993 /* MessagesTableViewController.swift */,
				9DEFE5D91C73E601005B3B1A /* Models */,
				9DEFE5D81C73E5FB005B3B1A /* Controllers */,
				9DEFE5D71C73E5F5005B3B1A /* Views */,
				CEA8EA111B854B2100DC2AA5 /* AppDelegate.swift */,
				CEC88F161BB45C10009BE41C /* MenuController.swift */,
				9DBA246D1BE14A14005D6AD6 /* MessageTableViewCell.swift */,
				CE04134F1BD88B8300BED627 /* MembersTableViewController.swift */,
				9DBA246F1BE152F3005D6AD6 /* MembersTableViewCell.swift */,
				9DBA24711BE2B26D005D6AD6 /* LoginViewController.swift */,
				CE0F3C551BD729DD0012B7D7 /* Kluster Screens */,
				CE8BE8FF1BB2411A00BBEC24 /* Profile Screen */,
				CED448A01BA5136500F11808 /* Home Screen */,
				28ADC5C31BF93474001599D5 /* New Kluster Screens */,
				CED4489F1BA5135E00F11808 /* Model */,
				9DBA24731BE2B2D2005D6AD6 /* Login.storyboard */,
				CEA8EA151B854B2100DC2AA5 /* Main.storyboard */,
				9DB9900D1C800A4E00837993 /* Map.storyboard */,
				9DAF9F8D1C89E7A4000B8586 /* Profile.storyboard */,
				CEA8EA181B854B2100DC2AA5 /* Images.xcassets */,
				CEA8EA1A1B854B2100DC2AA5 /* LaunchScreen.xib */,
				28EE23601BDF1FF9009161AE /* ImagePickerSheet */,
				CE9A30BF1BAE073C00BC79FE /* BondoluoPeek.ttf */,
				CEA8EA0F1B854B2100DC2AA5 /* Supporting Files */,
				CE8991321B8A61DF00B2B6BC /* Cluster-Bridging-Header.h */,
				9D2EFA3C1BF6257000D91812 /* KlusterDataSource.swift */,
				9D2EFA3E1BF6344E00D91812 /* KlusterImageResizer.swift */,
				9D2EFA401BF6534400D91812 /* KlusterSearchController.swift */,
				9DB990121C800B9000837993 /* LocationSelectViewController.swift */,
				9DAF9F961C8B51BF000B8586 /* PopoverMenuController.swift */,
				9D63BB531C8DBD220094F5A2 /* MessagesNavigationController.swift */,
			);
			path = Cluster;
			sourceTree = "<group>";
		};
		CEA8EA0F1B854B2100DC2AA5 /* Supporting Files */ = {
			isa = PBXGroup;
			children = (
				CEA8EA101B854B2100DC2AA5 /* Info.plist */,
			);
			name = "Supporting Files";
			sourceTree = "<group>";
		};
		CEA8EA241B854B2100DC2AA5 /* ClusterTests */ = {
			isa = PBXGroup;
			children = (
				9D2EFA431BF65A3200D91812 /* Helpers */,
				9D2EFA421BF65A2B00D91812 /* Models */,
				CEA8EA271B854B2100DC2AA5 /* ClusterTests.swift */,
				CEA8EA251B854B2100DC2AA5 /* Supporting Files */,
			);
			path = ClusterTests;
			sourceTree = "<group>";
		};
		CEA8EA251B854B2100DC2AA5 /* Supporting Files */ = {
			isa = PBXGroup;
			children = (
				CEA8EA261B854B2100DC2AA5 /* Info.plist */,
			);
			name = "Supporting Files";
			sourceTree = "<group>";
		};
		CED4489F1BA5135E00F11808 /* Model */ = {
			isa = PBXGroup;
			children = (
				CED4489C1BA5111900F11808 /* Kluster.swift */,
			);
			name = Model;
			sourceTree = "<group>";
		};
		CED448A01BA5136500F11808 /* Home Screen */ = {
			isa = PBXGroup;
			children = (
				CEA8EA311B854B7F00DC2AA5 /* HomeViewController.swift */,
				CED448A11BA5153800F11808 /* KlusterCollectionViewCell.swift */,
			);
			name = "Home Screen";
			sourceTree = "<group>";
		};
		D7A3DAB71E7A09BB003FCA19 /* UITextView+Placeholder */ = {
			isa = PBXGroup;
			children = (
				D7A3DAB81E7A09DB003FCA19 /* UITextView+Placeholder.h */,
			);
			name = "UITextView+Placeholder";
			sourceTree = "<group>";
		};
		D7A3DABC1E7A0A00003FCA19 /* UIScrollView+EmptyDataSet */ = {
			isa = PBXGroup;
			children = (
				D7A3DABA1E7A09F2003FCA19 /* UIScrollView+EmptyDataSet.h */,
			);
			name = "UIScrollView+EmptyDataSet";
			sourceTree = "<group>";
		};
/* End PBXGroup section */

/* Begin PBXNativeTarget section */
		CEA8EA0B1B854B2100DC2AA5 /* Cluster */ = {
			isa = PBXNativeTarget;
			buildConfigurationList = CEA8EA2B1B854B2100DC2AA5 /* Build configuration list for PBXNativeTarget "Cluster" */;
			buildPhases = (
				68B00B7581B01379FE2A6167 /* [CP] Check Pods Manifest.lock */,
				CEA8EA081B854B2100DC2AA5 /* Sources */,
				CEA8EA091B854B2100DC2AA5 /* Frameworks */,
				CEA8EA0A1B854B2100DC2AA5 /* Resources */,
				A4CBCADD6C448D050BE16DFC /* [CP] Embed Pods Frameworks */,
				E4F9F8E3758805A884F9A8AA /* [CP] Copy Pods Resources */,
			);
			buildRules = (
			);
			dependencies = (
			);
			name = Cluster;
			productName = Cluster;
			productReference = CEA8EA0C1B854B2100DC2AA5 /* Cluster.app */;
			productType = "com.apple.product-type.application";
		};
		CEA8EA201B854B2100DC2AA5 /* ClusterTests */ = {
			isa = PBXNativeTarget;
			buildConfigurationList = CEA8EA2E1B854B2100DC2AA5 /* Build configuration list for PBXNativeTarget "ClusterTests" */;
			buildPhases = (
				CEA8EA1D1B854B2100DC2AA5 /* Sources */,
				CEA8EA1E1B854B2100DC2AA5 /* Frameworks */,
				CEA8EA1F1B854B2100DC2AA5 /* Resources */,
			);
			buildRules = (
			);
			dependencies = (
				CEA8EA231B854B2100DC2AA5 /* PBXTargetDependency */,
			);
			name = ClusterTests;
			productName = ClusterTests;
			productReference = CEA8EA211B854B2100DC2AA5 /* ClusterTests.xctest */;
			productType = "com.apple.product-type.bundle.unit-test";
		};
/* End PBXNativeTarget section */

/* Begin PBXProject section */
		CEA8EA041B854B2100DC2AA5 /* Project object */ = {
			isa = PBXProject;
			attributes = {
				LastSwiftMigration = 0710;
				LastSwiftUpdateCheck = 0710;
				LastUpgradeCheck = 0710;
				ORGANIZATIONNAME = ImagineME;
				TargetAttributes = {
					CEA8EA0B1B854B2100DC2AA5 = {
						CreatedOnToolsVersion = 6.4;
						LastSwiftMigration = 0820;
					};
					CEA8EA201B854B2100DC2AA5 = {
						CreatedOnToolsVersion = 6.4;
						LastSwiftMigration = 0820;
						TestTargetID = CEA8EA0B1B854B2100DC2AA5;
					};
				};
			};
			buildConfigurationList = CEA8EA071B854B2100DC2AA5 /* Build configuration list for PBXProject "Cluster" */;
			compatibilityVersion = "Xcode 3.2";
			developmentRegion = English;
			hasScannedForEncodings = 0;
			knownRegions = (
				en,
				Base,
			);
			mainGroup = CEA8EA031B854B2100DC2AA5;
			productRefGroup = CEA8EA0D1B854B2100DC2AA5 /* Products */;
			projectDirPath = "";
			projectRoot = "";
			targets = (
				CEA8EA0B1B854B2100DC2AA5 /* Cluster */,
				CEA8EA201B854B2100DC2AA5 /* ClusterTests */,
			);
		};
/* End PBXProject section */

/* Begin PBXResourcesBuildPhase section */
		CEA8EA0A1B854B2100DC2AA5 /* Resources */ = {
			isa = PBXResourcesBuildPhase;
			buildActionMask = 2147483647;
			files = (
				D7A3DABB1E7A09F2003FCA19 /* UIScrollView+EmptyDataSet.h in Resources */,
				D7A3DAB91E7A09DB003FCA19 /* UITextView+Placeholder.h in Resources */,
				28EE23741BDF1FF9009161AE /* Info.plist in Resources */,
				9DAF9F8E1C89E7A4000B8586 /* Profile.storyboard in Resources */,
				CE9A30C01BAE074300BC79FE /* BondoluoPeek.ttf in Resources */,
				28EE23731BDF1FF9009161AE /* Images.xcassets in Resources */,
				CEA8EA171B854B2100DC2AA5 /* Main.storyboard in Resources */,
				CEA8EA1C1B854B2100DC2AA5 /* LaunchScreen.xib in Resources */,
				9DB9900E1C800A4E00837993 /* Map.storyboard in Resources */,
				CEA8EA191B854B2100DC2AA5 /* Images.xcassets in Resources */,
				9DBA24741BE2B2D2005D6AD6 /* Login.storyboard in Resources */,
			);
			runOnlyForDeploymentPostprocessing = 0;
		};
		CEA8EA1F1B854B2100DC2AA5 /* Resources */ = {
			isa = PBXResourcesBuildPhase;
			buildActionMask = 2147483647;
			files = (
			);
			runOnlyForDeploymentPostprocessing = 0;
		};
/* End PBXResourcesBuildPhase section */

/* Begin PBXShellScriptBuildPhase section */
		68B00B7581B01379FE2A6167 /* [CP] Check Pods Manifest.lock */ = {
			isa = PBXShellScriptBuildPhase;
			buildActionMask = 2147483647;
			files = (
			);
			inputPaths = (
			);
			name = "[CP] Check Pods Manifest.lock";
			outputPaths = (
			);
			runOnlyForDeploymentPostprocessing = 0;
			shellPath = /bin/sh;
			shellScript = "diff \"${PODS_ROOT}/../Podfile.lock\" \"${PODS_ROOT}/Manifest.lock\" > /dev/null\nif [ $? != 0 ] ; then\n    # print error to STDERR\n    echo \"error: The sandbox is not in sync with the Podfile.lock. Run 'pod install' or update your CocoaPods installation.\" >&2\n    exit 1\nfi\n";
			showEnvVarsInLog = 0;
		};
		A4CBCADD6C448D050BE16DFC /* [CP] Embed Pods Frameworks */ = {
			isa = PBXShellScriptBuildPhase;
			buildActionMask = 2147483647;
			files = (
			);
			inputPaths = (
			);
			name = "[CP] Embed Pods Frameworks";
			outputPaths = (
			);
			runOnlyForDeploymentPostprocessing = 0;
			shellPath = /bin/sh;
			shellScript = "\"${SRCROOT}/Pods/Target Support Files/Pods-Cluster/Pods-Cluster-frameworks.sh\"\n";
			showEnvVarsInLog = 0;
		};
		E4F9F8E3758805A884F9A8AA /* [CP] Copy Pods Resources */ = {
			isa = PBXShellScriptBuildPhase;
			buildActionMask = 2147483647;
			files = (
			);
			inputPaths = (
			);
			name = "[CP] Copy Pods Resources";
			outputPaths = (
			);
			runOnlyForDeploymentPostprocessing = 0;
			shellPath = /bin/sh;
			shellScript = "\"${SRCROOT}/Pods/Target Support Files/Pods-Cluster/Pods-Cluster-resources.sh\"\n";
			showEnvVarsInLog = 0;
		};
/* End PBXShellScriptBuildPhase section */

/* Begin PBXSourcesBuildPhase section */
		CEA8EA081B854B2100DC2AA5 /* Sources */ = {
			isa = PBXSourcesBuildPhase;
			buildActionMask = 2147483647;
			files = (
				CEFEBF4A1BDC9CB500E4070D /* NewKlusterViewController.swift in Sources */,
				9D7CC5AB1C7E7958002D21D0 /* MessageTextView.swift in Sources */,
				9DAF9F871C87A3A2000B8586 /* ProfileNameView.swift in Sources */,
				CEA8EA121B854B2100DC2AA5 /* AppDelegate.swift in Sources */,
				9DAF9F971C8B51BF000B8586 /* PopoverMenuController.swift in Sources */,
				CED4489D1BA5111900F11808 /* Kluster.swift in Sources */,
				9D2EFA3F1BF6344E00D91812 /* KlusterImageResizer.swift in Sources */,
				28EE23711BDF1FF9009161AE /* ImagePreviewFlowLayout.swift in Sources */,
				9D7097251C987AB600DF5C8E /* Invite.swift in Sources */,
				287147871BFAF00E007FDB36 /* NotificationsTableViewCell.swift in Sources */,
				CE0413501BD88B8300BED627 /* MembersTableViewController.swift in Sources */,
				28EE236F1BDF1FF9009161AE /* ImagePickerCollectionView.swift in Sources */,
				286563F21C0E8B6E00C21668 /* MyKlusterTableViewCell.swift in Sources */,
				28EE236D1BDF1FF9009161AE /* ImageAction.swift in Sources */,
				9D807F811C90B08D00FA5768 /* LocationStore.swift in Sources */,
				9D2EFA411BF6534400D91812 /* KlusterSearchController.swift in Sources */,
				28EE23701BDF1FF9009161AE /* ImagePickerSheetController.swift in Sources */,
				28EE23721BDF1FF9009161AE /* ImagePreviewTableViewCell.swift in Sources */,
				CEAA8FAA1BCEFD9700004349 /* EditProfileTableViewController.swift in Sources */,
				CE8BE8FE1BB23FFE00BBEC24 /* ProfileViewController.swift in Sources */,
				28EE236C1BDF1FF9009161AE /* AnimationController.swift in Sources */,
				9D807F7F1C90834600FA5768 /* BLMultiColorLoader.m in Sources */,
				9DBA24721BE2B26D005D6AD6 /* LoginViewController.swift in Sources */,
				9D807F831C90FAC300FA5768 /* KlusterInviteViewController.swift in Sources */,
				CEA8EA321B854B7F00DC2AA5 /* HomeViewController.swift in Sources */,
				9DFB7D621C86211C00EF3E62 /* KlusterStore.swift in Sources */,
				CEC1E7441BD7515F00203E41 /* KlusterViewController.swift in Sources */,
				9DAF9F911C89FC2B000B8586 /* UIColor+KlusterColors.swift in Sources */,
				CED448A21BA5153800F11808 /* KlusterCollectionViewCell.swift in Sources */,
				CEC88F171BB45C10009BE41C /* MenuController.swift in Sources */,
				9DB990131C800B9000837993 /* LocationSelectViewController.swift in Sources */,
				9D2EFA3D1BF6257000D91812 /* KlusterDataSource.swift in Sources */,
				28EE236E1BDF1FF9009161AE /* ImageCollectionViewCell.swift in Sources */,
				9DAF9F8C1C89E022000B8586 /* CAPSPageMenu.swift in Sources */,
				9D7CC5AD1C7E8EFB002D21D0 /* Message.swift in Sources */,
				9DBA24701BE152F3005D6AD6 /* MembersTableViewCell.swift in Sources */,
				28EE23751BDF1FF9009161AE /* PreviewSupplementaryView.swift in Sources */,
				9D63BB561C8DD0570094F5A2 /* PopoverHeaderView.swift in Sources */,
				9D63BB541C8DBD220094F5A2 /* MessagesNavigationController.swift in Sources */,
				9DBA246E1BE14A14005D6AD6 /* MessageTableViewCell.swift in Sources */,
				283E05691C0E1302001220D3 /* MyKlusterViewController.swift in Sources */,
				28ADC5C81BF9385B001599D5 /* KlusterInviteTableViewCell.swift in Sources */,
				9DB9900C1C8009B400837993 /* MessagesTableViewController.swift in Sources */,
				CE0F3C541BD729D20012B7D7 /* KlusterHeaderView.swift in Sources */,
				287147851BFAEFB6007FDB36 /* NotificationsViewController.swift in Sources */,
			);
			runOnlyForDeploymentPostprocessing = 0;
		};
		CEA8EA1D1B854B2100DC2AA5 /* Sources */ = {
			isa = PBXSourcesBuildPhase;
			buildActionMask = 2147483647;
			files = (
				CEA8EA281B854B2100DC2AA5 /* ClusterTests.swift in Sources */,
			);
			runOnlyForDeploymentPostprocessing = 0;
		};
/* End PBXSourcesBuildPhase section */

/* Begin PBXTargetDependency section */
		CEA8EA231B854B2100DC2AA5 /* PBXTargetDependency */ = {
			isa = PBXTargetDependency;
			target = CEA8EA0B1B854B2100DC2AA5 /* Cluster */;
			targetProxy = CEA8EA221B854B2100DC2AA5 /* PBXContainerItemProxy */;
		};
/* End PBXTargetDependency section */

/* Begin PBXVariantGroup section */
		CEA8EA151B854B2100DC2AA5 /* Main.storyboard */ = {
			isa = PBXVariantGroup;
			children = (
				CEA8EA161B854B2100DC2AA5 /* Base */,
			);
			name = Main.storyboard;
			sourceTree = "<group>";
		};
		CEA8EA1A1B854B2100DC2AA5 /* LaunchScreen.xib */ = {
			isa = PBXVariantGroup;
			children = (
				CEA8EA1B1B854B2100DC2AA5 /* Base */,
			);
			name = LaunchScreen.xib;
			sourceTree = "<group>";
		};
/* End PBXVariantGroup section */

/* Begin XCBuildConfiguration section */
		CEA8EA291B854B2100DC2AA5 /* Debug */ = {
			isa = XCBuildConfiguration;
			buildSettings = {
				ALWAYS_SEARCH_USER_PATHS = NO;
				CLANG_CXX_LANGUAGE_STANDARD = "gnu++0x";
				CLANG_CXX_LIBRARY = "libc++";
				CLANG_ENABLE_MODULES = YES;
				CLANG_ENABLE_OBJC_ARC = YES;
				CLANG_WARN_BOOL_CONVERSION = YES;
				CLANG_WARN_CONSTANT_CONVERSION = YES;
				CLANG_WARN_DIRECT_OBJC_ISA_USAGE = YES_ERROR;
				CLANG_WARN_EMPTY_BODY = YES;
				CLANG_WARN_ENUM_CONVERSION = YES;
				CLANG_WARN_INT_CONVERSION = YES;
				CLANG_WARN_OBJC_ROOT_CLASS = YES_ERROR;
				CLANG_WARN_UNREACHABLE_CODE = YES;
				CLANG_WARN__DUPLICATE_METHOD_MATCH = YES;
				"CODE_SIGN_IDENTITY[sdk=iphoneos*]" = "iPhone Developer";
				COPY_PHASE_STRIP = NO;
				DEBUG_INFORMATION_FORMAT = "dwarf-with-dsym";
				ENABLE_STRICT_OBJC_MSGSEND = YES;
				ENABLE_TESTABILITY = YES;
				GCC_C_LANGUAGE_STANDARD = gnu99;
				GCC_DYNAMIC_NO_PIC = NO;
				GCC_NO_COMMON_BLOCKS = YES;
				GCC_OPTIMIZATION_LEVEL = 0;
				GCC_PREPROCESSOR_DEFINITIONS = (
					"DEBUG=1",
					"$(inherited)",
				);
				GCC_SYMBOLS_PRIVATE_EXTERN = NO;
				GCC_WARN_64_TO_32_BIT_CONVERSION = YES;
				GCC_WARN_ABOUT_RETURN_TYPE = YES_ERROR;
				GCC_WARN_UNDECLARED_SELECTOR = YES;
				GCC_WARN_UNINITIALIZED_AUTOS = YES_AGGRESSIVE;
				GCC_WARN_UNUSED_FUNCTION = YES;
				GCC_WARN_UNUSED_VARIABLE = YES;
				IPHONEOS_DEPLOYMENT_TARGET = 8.4;
				MTL_ENABLE_DEBUG_INFO = YES;
				ONLY_ACTIVE_ARCH = YES;
				SDKROOT = iphoneos;
				SWIFT_OPTIMIZATION_LEVEL = "-Onone";
			};
			name = Debug;
		};
		CEA8EA2A1B854B2100DC2AA5 /* Release */ = {
			isa = XCBuildConfiguration;
			buildSettings = {
				ALWAYS_SEARCH_USER_PATHS = NO;
				CLANG_CXX_LANGUAGE_STANDARD = "gnu++0x";
				CLANG_CXX_LIBRARY = "libc++";
				CLANG_ENABLE_MODULES = YES;
				CLANG_ENABLE_OBJC_ARC = YES;
				CLANG_WARN_BOOL_CONVERSION = YES;
				CLANG_WARN_CONSTANT_CONVERSION = YES;
				CLANG_WARN_DIRECT_OBJC_ISA_USAGE = YES_ERROR;
				CLANG_WARN_EMPTY_BODY = YES;
				CLANG_WARN_ENUM_CONVERSION = YES;
				CLANG_WARN_INT_CONVERSION = YES;
				CLANG_WARN_OBJC_ROOT_CLASS = YES_ERROR;
				CLANG_WARN_UNREACHABLE_CODE = YES;
				CLANG_WARN__DUPLICATE_METHOD_MATCH = YES;
				"CODE_SIGN_IDENTITY[sdk=iphoneos*]" = "iPhone Developer";
				COPY_PHASE_STRIP = NO;
				DEBUG_INFORMATION_FORMAT = "dwarf-with-dsym";
				ENABLE_NS_ASSERTIONS = NO;
				ENABLE_STRICT_OBJC_MSGSEND = YES;
				GCC_C_LANGUAGE_STANDARD = gnu99;
				GCC_NO_COMMON_BLOCKS = YES;
				GCC_WARN_64_TO_32_BIT_CONVERSION = YES;
				GCC_WARN_ABOUT_RETURN_TYPE = YES_ERROR;
				GCC_WARN_UNDECLARED_SELECTOR = YES;
				GCC_WARN_UNINITIALIZED_AUTOS = YES_AGGRESSIVE;
				GCC_WARN_UNUSED_FUNCTION = YES;
				GCC_WARN_UNUSED_VARIABLE = YES;
				IPHONEOS_DEPLOYMENT_TARGET = 8.4;
				MTL_ENABLE_DEBUG_INFO = NO;
				SDKROOT = iphoneos;
				VALIDATE_PRODUCT = YES;
			};
			name = Release;
		};
		CEA8EA2C1B854B2100DC2AA5 /* Debug */ = {
			isa = XCBuildConfiguration;
			baseConfigurationReference = 100E87F1E583E97923A826F1 /* Pods-Cluster.debug.xcconfig */;
			buildSettings = {
				ASSETCATALOG_COMPILER_APPICON_NAME = AppIcon;
				CLANG_ENABLE_MODULES = YES;
				ENABLE_BITCODE = NO;
				INFOPLIST_FILE = Cluster/Info.plist;
				IPHONEOS_DEPLOYMENT_TARGET = 9.0;
				LD_RUNPATH_SEARCH_PATHS = "$(inherited) @executable_path/Frameworks";
				PRODUCT_BUNDLE_IDENTIFIER = "io.ImagineME.$(PRODUCT_NAME:rfc1034identifier)";
				PRODUCT_NAME = "$(TARGET_NAME)";
				SWIFT_OBJC_BRIDGING_HEADER = "Cluster/Cluster-Bridging-Header.h";
				SWIFT_OPTIMIZATION_LEVEL = "-Onone";
				SWIFT_VERSION = 3.0;
			};
			name = Debug;
		};
		CEA8EA2D1B854B2100DC2AA5 /* Release */ = {
			isa = XCBuildConfiguration;
			baseConfigurationReference = 5198169654C36934A0B3D2E2 /* Pods-Cluster.release.xcconfig */;
			buildSettings = {
				ASSETCATALOG_COMPILER_APPICON_NAME = AppIcon;
				CLANG_ENABLE_MODULES = YES;
				ENABLE_BITCODE = NO;
				INFOPLIST_FILE = Cluster/Info.plist;
				IPHONEOS_DEPLOYMENT_TARGET = 9.0;
				LD_RUNPATH_SEARCH_PATHS = "$(inherited) @executable_path/Frameworks";
				PRODUCT_BUNDLE_IDENTIFIER = "io.ImagineME.$(PRODUCT_NAME:rfc1034identifier)";
				PRODUCT_NAME = "$(TARGET_NAME)";
				SWIFT_OBJC_BRIDGING_HEADER = "Cluster/Cluster-Bridging-Header.h";
				SWIFT_VERSION = 3.0;
			};
			name = Release;
		};
		CEA8EA2F1B854B2100DC2AA5 /* Debug */ = {
			isa = XCBuildConfiguration;
			buildSettings = {
				BUNDLE_LOADER = "$(TEST_HOST)";
				FRAMEWORK_SEARCH_PATHS = (
					"$(SDKROOT)/Developer/Library/Frameworks",
					"$(inherited)",
				);
				GCC_PREPROCESSOR_DEFINITIONS = (
					"DEBUG=1",
					"$(inherited)",
				);
				INFOPLIST_FILE = ClusterTests/Info.plist;
				LD_RUNPATH_SEARCH_PATHS = "$(inherited) @executable_path/Frameworks @loader_path/Frameworks";
				PRODUCT_BUNDLE_IDENTIFIER = "io.ImagineME.$(PRODUCT_NAME:rfc1034identifier)";
				PRODUCT_NAME = "$(TARGET_NAME)";
				SWIFT_VERSION = 3.0;
				TEST_HOST = "$(BUILT_PRODUCTS_DIR)/Cluster.app/Cluster";
			};
			name = Debug;
		};
		CEA8EA301B854B2100DC2AA5 /* Release */ = {
			isa = XCBuildConfiguration;
			buildSettings = {
				BUNDLE_LOADER = "$(TEST_HOST)";
				FRAMEWORK_SEARCH_PATHS = (
					"$(SDKROOT)/Developer/Library/Frameworks",
					"$(inherited)",
				);
				INFOPLIST_FILE = ClusterTests/Info.plist;
				LD_RUNPATH_SEARCH_PATHS = "$(inherited) @executable_path/Frameworks @loader_path/Frameworks";
				PRODUCT_BUNDLE_IDENTIFIER = "io.ImagineME.$(PRODUCT_NAME:rfc1034identifier)";
				PRODUCT_NAME = "$(TARGET_NAME)";
				SWIFT_VERSION = 3.0;
				TEST_HOST = "$(BUILT_PRODUCTS_DIR)/Cluster.app/Cluster";
			};
			name = Release;
		};
/* End XCBuildConfiguration section */

/* Begin XCConfigurationList section */
		CEA8EA071B854B2100DC2AA5 /* Build configuration list for PBXProject "Cluster" */ = {
			isa = XCConfigurationList;
			buildConfigurations = (
				CEA8EA291B854B2100DC2AA5 /* Debug */,
				CEA8EA2A1B854B2100DC2AA5 /* Release */,
			);
			defaultConfigurationIsVisible = 0;
			defaultConfigurationName = Release;
		};
		CEA8EA2B1B854B2100DC2AA5 /* Build configuration list for PBXNativeTarget "Cluster" */ = {
			isa = XCConfigurationList;
			buildConfigurations = (
				CEA8EA2C1B854B2100DC2AA5 /* Debug */,
				CEA8EA2D1B854B2100DC2AA5 /* Release */,
			);
			defaultConfigurationIsVisible = 0;
			defaultConfigurationName = Release;
		};
		CEA8EA2E1B854B2100DC2AA5 /* Build configuration list for PBXNativeTarget "ClusterTests" */ = {
			isa = XCConfigurationList;
			buildConfigurations = (
				CEA8EA2F1B854B2100DC2AA5 /* Debug */,
				CEA8EA301B854B2100DC2AA5 /* Release */,
			);
			defaultConfigurationIsVisible = 0;
			defaultConfigurationName = Release;
		};
/* End XCConfigurationList section */
	};
	rootObject = CEA8EA041B854B2100DC2AA5 /* Project object */;
}
